// !$*UTF8*$!
{
	archiveVersion = 1;
	classes = {
	};
	objectVersion = 50;
	objects = {

/* Begin PBXBuildFile section */
		180E846A2478A6BD004F796D /* AppDelegate.m in Sources */ = {isa = PBXBuildFile; fileRef = 180E84692478A6BD004F796D /* AppDelegate.m */; };
		180E84702478A6BD004F796D /* ViewController.m in Sources */ = {isa = PBXBuildFile; fileRef = 180E846F2478A6BD004F796D /* ViewController.m */; };
		180E84732478A6BD004F796D /* Main.storyboard in Resources */ = {isa = PBXBuildFile; fileRef = 180E84712478A6BD004F796D /* Main.storyboard */; };
		180E84752478A6BF004F796D /* Assets.xcassets in Resources */ = {isa = PBXBuildFile; fileRef = 180E84742478A6BF004F796D /* Assets.xcassets */; };
		180E84782478A6BF004F796D /* LaunchScreen.storyboard in Resources */ = {isa = PBXBuildFile; fileRef = 180E84762478A6BF004F796D /* LaunchScreen.storyboard */; };
		180E847B2478A6BF004F796D /* main.m in Sources */ = {isa = PBXBuildFile; fileRef = 180E847A2478A6BF004F796D /* main.m */; };
		180E84852478A6BF004F796D /* ADMidTestTests.m in Sources */ = {isa = PBXBuildFile; fileRef = 180E84842478A6BF004F796D /* ADMidTestTests.m */; };
		180E84902478A6BF004F796D /* ADMidTestUITests.m in Sources */ = {isa = PBXBuildFile; fileRef = 180E848F2478A6BF004F796D /* ADMidTestUITests.m */; };
		180E849F2478A725004F796D /* MainViewController.m in Sources */ = {isa = PBXBuildFile; fileRef = 180E849E2478A725004F796D /* MainViewController.m */; };
		180E84A22478A751004F796D /* MusicViewController.m in Sources */ = {isa = PBXBuildFile; fileRef = 180E84A12478A751004F796D /* MusicViewController.m */; };
		180E84A52478A760004F796D /* MysongViewController.m in Sources */ = {isa = PBXBuildFile; fileRef = 180E84A42478A760004F796D /* MysongViewController.m */; };
		180E84B02478B3AA004F796D /* MusicModel.m in Sources */ = {isa = PBXBuildFile; fileRef = 180E84AF2478B3AA004F796D /* MusicModel.m */; };
		180E84B32478B510004F796D /* MysongTableViewCell.m in Sources */ = {isa = PBXBuildFile; fileRef = 180E84B22478B510004F796D /* MysongTableViewCell.m */; };
		180E84B62478CBCB004F796D /* PlayModel.m in Sources */ = {isa = PBXBuildFile; fileRef = 180E84B52478CBCB004F796D /* PlayModel.m */; };
		180E84F0247965BC004F796D /* bannerViewController.m in Sources */ = {isa = PBXBuildFile; fileRef = 180E84EF247965BC004F796D /* bannerViewController.m */; };
		180E84F3247967E1004F796D /* bannerModel.m in Sources */ = {isa = PBXBuildFile; fileRef = 180E84F2247967E1004F796D /* bannerModel.m */; };
		180E84F624797554004F796D /* bannerCollectionViewCell.m in Sources */ = {isa = PBXBuildFile; fileRef = 180E84F524797554004F796D /* bannerCollectionViewCell.m */; };
		18C15ADF247ABB5100F638F3 /* LaunchScreen.storyboard in Resources */ = {isa = PBXBuildFile; fileRef = 180E84762478A6BF004F796D /* LaunchScreen.storyboard */; };
		18C15AE0247ABB5200F638F3 /* LaunchScreen.storyboard in Resources */ = {isa = PBXBuildFile; fileRef = 180E84762478A6BF004F796D /* LaunchScreen.storyboard */; };
		18C15B73247AD29400F638F3 /* LICENSE in Resources */ = {isa = PBXBuildFile; fileRef = 18C15AE6247AD29300F638F3 /* LICENSE */; };
		18C15B74247AD29400F638F3 /* README.md in Resources */ = {isa = PBXBuildFile; fileRef = 18C15AE7247AD29300F638F3 /* README.md */; };
		18C15B75247AD29400F638F3 /* SDImageHEICCoder.m in Sources */ = {isa = PBXBuildFile; fileRef = 18C15AEB247AD29300F638F3 /* SDImageHEICCoder.m */; };
		18C15B76247AD29400F638F3 /* NSImage+Compatibility.m in Sources */ = {isa = PBXBuildFile; fileRef = 18C15AED247AD29300F638F3 /* NSImage+Compatibility.m */; };
		18C15B77247AD29400F638F3 /* SDAnimatedImageView+WebCache.m in Sources */ = {isa = PBXBuildFile; fileRef = 18C15AEF247AD29300F638F3 /* SDAnimatedImageView+WebCache.m */; };
		18C15B78247AD29400F638F3 /* SDImageCoder.m in Sources */ = {isa = PBXBuildFile; fileRef = 18C15AF1247AD29300F638F3 /* SDImageCoder.m */; };
		18C15B79247AD29400F638F3 /* SDWebImageDownloaderDecryptor.m in Sources */ = {isa = PBXBuildFile; fileRef = 18C15AF6247AD29300F638F3 /* SDWebImageDownloaderDecryptor.m */; };
		18C15B7A247AD29400F638F3 /* SDWebImageManager.m in Sources */ = {isa = PBXBuildFile; fileRef = 18C15AFA247AD29300F638F3 /* SDWebImageManager.m */; };
		18C15B7B247AD29400F638F3 /* SDImageIOAnimatedCoder.m in Sources */ = {isa = PBXBuildFile; fileRef = 18C15AFC247AD29300F638F3 /* SDImageIOAnimatedCoder.m */; };
		18C15B7C247AD29400F638F3 /* UIImageView+HighlightedWebCache.m in Sources */ = {isa = PBXBuildFile; fileRef = 18C15AFE247AD29300F638F3 /* UIImageView+HighlightedWebCache.m */; };
		18C15B7D247AD29400F638F3 /* SDAnimatedImage.m in Sources */ = {isa = PBXBuildFile; fileRef = 18C15B03247AD29300F638F3 /* SDAnimatedImage.m */; };
		18C15B7E247AD29400F638F3 /* SDAnimatedImageView.m in Sources */ = {isa = PBXBuildFile; fileRef = 18C15B04247AD29400F638F3 /* SDAnimatedImageView.m */; };
		18C15B7F247AD29400F638F3 /* UIImage+ForceDecode.m in Sources */ = {isa = PBXBuildFile; fileRef = 18C15B05247AD29400F638F3 /* UIImage+ForceDecode.m */; };
		18C15B80247AD29400F638F3 /* SDAnimatedImagePlayer.m in Sources */ = {isa = PBXBuildFile; fileRef = 18C15B08247AD29400F638F3 /* SDAnimatedImagePlayer.m */; };
		18C15B81247AD29400F638F3 /* UIImage+Transform.m in Sources */ = {isa = PBXBuildFile; fileRef = 18C15B09247AD29400F638F3 /* UIImage+Transform.m */; };
		18C15B82247AD29400F638F3 /* SDWebImageDownloader.m in Sources */ = {isa = PBXBuildFile; fileRef = 18C15B0B247AD29400F638F3 /* SDWebImageDownloader.m */; };
		18C15B83247AD29400F638F3 /* SDImageLoader.m in Sources */ = {isa = PBXBuildFile; fileRef = 18C15B0D247AD29400F638F3 /* SDImageLoader.m */; };
		18C15B84247AD29400F638F3 /* SDWebImageCacheSerializer.m in Sources */ = {isa = PBXBuildFile; fileRef = 18C15B0E247AD29400F638F3 /* SDWebImageCacheSerializer.m */; };
		18C15B85247AD29400F638F3 /* SDWebImageIndicator.m in Sources */ = {isa = PBXBuildFile; fileRef = 18C15B0F247AD29400F638F3 /* SDWebImageIndicator.m */; };
		18C15B86247AD29400F638F3 /* UIImage+GIF.m in Sources */ = {isa = PBXBuildFile; fileRef = 18C15B10247AD29400F638F3 /* UIImage+GIF.m */; };
		18C15B87247AD29400F638F3 /* SDImageCodersManager.m in Sources */ = {isa = PBXBuildFile; fileRef = 18C15B11247AD29400F638F3 /* SDImageCodersManager.m */; };
		18C15B88247AD29400F638F3 /* UIImage+MultiFormat.m in Sources */ = {isa = PBXBuildFile; fileRef = 18C15B14247AD29400F638F3 /* UIImage+MultiFormat.m */; };
		18C15B89247AD29400F638F3 /* SDMemoryCache.m in Sources */ = {isa = PBXBuildFile; fileRef = 18C15B15247AD29400F638F3 /* SDMemoryCache.m */; };
		18C15B8A247AD29400F638F3 /* SDWebImageCompat.m in Sources */ = {isa = PBXBuildFile; fileRef = 18C15B17247AD29400F638F3 /* SDWebImageCompat.m */; };
		18C15B8B247AD29400F638F3 /* SDImageAPNGCoder.m in Sources */ = {isa = PBXBuildFile; fileRef = 18C15B18247AD29400F638F3 /* SDImageAPNGCoder.m */; };
		18C15B8C247AD29400F638F3 /* SDWebImageDownloaderResponseModifier.m in Sources */ = {isa = PBXBuildFile; fileRef = 18C15B19247AD29400F638F3 /* SDWebImageDownloaderResponseModifier.m */; };
		18C15B8D247AD29400F638F3 /* SDWebImageError.m in Sources */ = {isa = PBXBuildFile; fileRef = 18C15B1A247AD29400F638F3 /* SDWebImageError.m */; };
		18C15B8E247AD29400F638F3 /* SDWebImagePrefetcher.m in Sources */ = {isa = PBXBuildFile; fileRef = 18C15B1B247AD29400F638F3 /* SDWebImagePrefetcher.m */; };
		18C15B8F247AD29400F638F3 /* SDImageCoderHelper.m in Sources */ = {isa = PBXBuildFile; fileRef = 18C15B1C247AD29400F638F3 /* SDImageCoderHelper.m */; };
		18C15B90247AD29400F638F3 /* NSButton+WebCache.m in Sources */ = {isa = PBXBuildFile; fileRef = 18C15B21247AD29400F638F3 /* NSButton+WebCache.m */; };
		18C15B91247AD29400F638F3 /* SDImageIOCoder.m in Sources */ = {isa = PBXBuildFile; fileRef = 18C15B23247AD29400F638F3 /* SDImageIOCoder.m */; };
		18C15B92247AD29400F638F3 /* SDDiskCache.m in Sources */ = {isa = PBXBuildFile; fileRef = 18C15B25247AD29400F638F3 /* SDDiskCache.m */; };
		18C15B93247AD29400F638F3 /* SDAnimatedImageRep.m in Sources */ = {isa = PBXBuildFile; fileRef = 18C15B27247AD29400F638F3 /* SDAnimatedImageRep.m */; };
		18C15B94247AD29400F638F3 /* UIImage+ExtendedCacheData.m in Sources */ = {isa = PBXBuildFile; fileRef = 18C15B29247AD29400F638F3 /* UIImage+ExtendedCacheData.m */; };
		18C15B95247AD29400F638F3 /* SDWebImageDownloaderConfig.m in Sources */ = {isa = PBXBuildFile; fileRef = 18C15B2B247AD29400F638F3 /* SDWebImageDownloaderConfig.m */; };
		18C15B96247AD29400F638F3 /* SDImageCache.m in Sources */ = {isa = PBXBuildFile; fileRef = 18C15B2D247AD29400F638F3 /* SDImageCache.m */; };
		18C15B97247AD29400F638F3 /* SDImageGIFCoder.m in Sources */ = {isa = PBXBuildFile; fileRef = 18C15B2E247AD29400F638F3 /* SDImageGIFCoder.m */; };
		18C15B98247AD29400F638F3 /* SDImageFrame.m in Sources */ = {isa = PBXBuildFile; fileRef = 18C15B30247AD29400F638F3 /* SDImageFrame.m */; };
		18C15B99247AD29400F638F3 /* SDWebImageDownloaderOperation.m in Sources */ = {isa = PBXBuildFile; fileRef = 18C15B31247AD29400F638F3 /* SDWebImageDownloaderOperation.m */; };
		18C15B9A247AD29400F638F3 /* SDImageLoadersManager.m in Sources */ = {isa = PBXBuildFile; fileRef = 18C15B33247AD29400F638F3 /* SDImageLoadersManager.m */; };
		18C15B9B247AD29400F638F3 /* SDImageCachesManager.m in Sources */ = {isa = PBXBuildFile; fileRef = 18C15B34247AD29400F638F3 /* SDImageCachesManager.m */; };
		18C15B9C247AD29400F638F3 /* SDWebImageTransition.m in Sources */ = {isa = PBXBuildFile; fileRef = 18C15B35247AD29400F638F3 /* SDWebImageTransition.m */; };
		18C15B9D247AD29400F638F3 /* SDImageTransformer.m in Sources */ = {isa = PBXBuildFile; fileRef = 18C15B37247AD29400F638F3 /* SDImageTransformer.m */; };
		18C15B9E247AD29400F638F3 /* NSData+ImageContentType.m in Sources */ = {isa = PBXBuildFile; fileRef = 18C15B38247AD29400F638F3 /* NSData+ImageContentType.m */; };
		18C15B9F247AD29400F638F3 /* UIImageView+WebCache.m in Sources */ = {isa = PBXBuildFile; fileRef = 18C15B39247AD29400F638F3 /* UIImageView+WebCache.m */; };
		18C15BA0247AD29400F638F3 /* SDImageGraphics.m in Sources */ = {isa = PBXBuildFile; fileRef = 18C15B3C247AD29400F638F3 /* SDImageGraphics.m */; };
		18C15BA1247AD29400F638F3 /* SDImageCacheDefine.m in Sources */ = {isa = PBXBuildFile; fileRef = 18C15B40247AD29400F638F3 /* SDImageCacheDefine.m */; };
		18C15BA2247AD29400F638F3 /* UIImage+MemoryCacheCost.m in Sources */ = {isa = PBXBuildFile; fileRef = 18C15B42247AD29400F638F3 /* UIImage+MemoryCacheCost.m */; };
		18C15BA3247AD29400F638F3 /* SDImageCacheConfig.m in Sources */ = {isa = PBXBuildFile; fileRef = 18C15B45247AD29400F638F3 /* SDImageCacheConfig.m */; };
		18C15BA4247AD29400F638F3 /* SDWebImageCacheKeyFilter.m in Sources */ = {isa = PBXBuildFile; fileRef = 18C15B46247AD29400F638F3 /* SDWebImageCacheKeyFilter.m */; };
		18C15BA5247AD29400F638F3 /* SDWebImageDefine.m in Sources */ = {isa = PBXBuildFile; fileRef = 18C15B48247AD29400F638F3 /* SDWebImageDefine.m */; };
		18C15BA6247AD29400F638F3 /* SDWebImageOptionsProcessor.m in Sources */ = {isa = PBXBuildFile; fileRef = 18C15B4A247AD29400F638F3 /* SDWebImageOptionsProcessor.m */; };
		18C15BA7247AD29400F638F3 /* UIView+WebCacheOperation.m in Sources */ = {isa = PBXBuildFile; fileRef = 18C15B4B247AD29400F638F3 /* UIView+WebCacheOperation.m */; };
		18C15BA8247AD29400F638F3 /* UIView+WebCache.m in Sources */ = {isa = PBXBuildFile; fileRef = 18C15B4C247AD29400F638F3 /* UIView+WebCache.m */; };
		18C15BA9247AD29400F638F3 /* UIImage+Metadata.m in Sources */ = {isa = PBXBuildFile; fileRef = 18C15B53247AD29400F638F3 /* UIImage+Metadata.m */; };
		18C15BAA247AD29400F638F3 /* UIButton+WebCache.m in Sources */ = {isa = PBXBuildFile; fileRef = 18C15B55247AD29400F638F3 /* UIButton+WebCache.m */; };
		18C15BAB247AD29400F638F3 /* SDWebImageDownloaderRequestModifier.m in Sources */ = {isa = PBXBuildFile; fileRef = 18C15B56247AD29400F638F3 /* SDWebImageDownloaderRequestModifier.m */; };
		18C15BAC247AD29400F638F3 /* SDImageCachesManagerOperation.m in Sources */ = {isa = PBXBuildFile; fileRef = 18C15B5C247AD29400F638F3 /* SDImageCachesManagerOperation.m */; };
		18C15BAD247AD29400F638F3 /* SDImageAssetManager.m in Sources */ = {isa = PBXBuildFile; fileRef = 18C15B60247AD29400F638F3 /* SDImageAssetManager.m */; };
		18C15BAE247AD29400F638F3 /* SDDeviceHelper.m in Sources */ = {isa = PBXBuildFile; fileRef = 18C15B68247AD29400F638F3 /* SDDeviceHelper.m */; };
		18C15BAF247AD29400F638F3 /* SDWeakProxy.m in Sources */ = {isa = PBXBuildFile; fileRef = 18C15B69247AD29400F638F3 /* SDWeakProxy.m */; };
		18C15BB0247AD29400F638F3 /* SDInternalMacros.m in Sources */ = {isa = PBXBuildFile; fileRef = 18C15B6A247AD29400F638F3 /* SDInternalMacros.m */; };
		18C15BB1247AD29400F638F3 /* SDFileAttributeHelper.m in Sources */ = {isa = PBXBuildFile; fileRef = 18C15B6B247AD29400F638F3 /* SDFileAttributeHelper.m */; };
		18C15BB2247AD29400F638F3 /* SDDisplayLink.m in Sources */ = {isa = PBXBuildFile; fileRef = 18C15B6D247AD29400F638F3 /* SDDisplayLink.m */; };
		18C15BB3247AD29400F638F3 /* SDAsyncBlockOperation.m in Sources */ = {isa = PBXBuildFile; fileRef = 18C15B6F247AD29400F638F3 /* SDAsyncBlockOperation.m */; };
		18C15BB4247AD29400F638F3 /* NSBezierPath+RoundedCorners.m in Sources */ = {isa = PBXBuildFile; fileRef = 18C15B70247AD29400F638F3 /* NSBezierPath+RoundedCorners.m */; };
		18C15BB5247AD29400F638F3 /* UIColor+HexString.m in Sources */ = {isa = PBXBuildFile; fileRef = 18C15B71247AD29400F638F3 /* UIColor+HexString.m */; };
		18C15BB6247AD29400F638F3 /* SDAssociatedObject.m in Sources */ = {isa = PBXBuildFile; fileRef = 18C15B72247AD29400F638F3 /* SDAssociatedObject.m */; };
		B71E69127D8A065FBA9DF71E /* libPods-ADMidTest.a in Frameworks */ = {isa = PBXBuildFile; fileRef = A841D4E9D84532C04109CF22 /* libPods-ADMidTest.a */; };
/* End PBXBuildFile section */

/* Begin PBXContainerItemProxy section */
		180E84812478A6BF004F796D /* PBXContainerItemProxy */ = {
			isa = PBXContainerItemProxy;
			containerPortal = 180E845D2478A6BD004F796D /* Project object */;
			proxyType = 1;
			remoteGlobalIDString = 180E84642478A6BD004F796D;
			remoteInfo = ADMidTest;
		};
		180E848C2478A6BF004F796D /* PBXContainerItemProxy */ = {
			isa = PBXContainerItemProxy;
			containerPortal = 180E845D2478A6BD004F796D /* Project object */;
			proxyType = 1;
			remoteGlobalIDString = 180E84642478A6BD004F796D;
			remoteInfo = ADMidTest;
		};
/* End PBXContainerItemProxy section */

/* Begin PBXFileReference section */
		180E84652478A6BD004F796D /* ADMidTest.app */ = {isa = PBXFileReference; explicitFileType = wrapper.application; includeInIndex = 0; path = ADMidTest.app; sourceTree = BUILT_PRODUCTS_DIR; };
		180E84682478A6BD004F796D /* AppDelegate.h */ = {isa = PBXFileReference; lastKnownFileType = sourcecode.c.h; path = AppDelegate.h; sourceTree = "<group>"; };
		180E84692478A6BD004F796D /* AppDelegate.m */ = {isa = PBXFileReference; lastKnownFileType = sourcecode.c.objc; path = AppDelegate.m; sourceTree = "<group>"; };
		180E846E2478A6BD004F796D /* ViewController.h */ = {isa = PBXFileReference; lastKnownFileType = sourcecode.c.h; path = ViewController.h; sourceTree = "<group>"; };
		180E846F2478A6BD004F796D /* ViewController.m */ = {isa = PBXFileReference; lastKnownFileType = sourcecode.c.objc; path = ViewController.m; sourceTree = "<group>"; };
		180E84722478A6BD004F796D /* Base */ = {isa = PBXFileReference; lastKnownFileType = file.storyboard; name = Base; path = Base.lproj/Main.storyboard; sourceTree = "<group>"; };
		180E84742478A6BF004F796D /* Assets.xcassets */ = {isa = PBXFileReference; lastKnownFileType = folder.assetcatalog; path = Assets.xcassets; sourceTree = "<group>"; };
		180E84772478A6BF004F796D /* Base */ = {isa = PBXFileReference; lastKnownFileType = file.storyboard; name = Base; path = Base.lproj/LaunchScreen.storyboard; sourceTree = "<group>"; };
		180E84792478A6BF004F796D /* Info.plist */ = {isa = PBXFileReference; lastKnownFileType = text.plist.xml; path = Info.plist; sourceTree = "<group>"; };
		180E847A2478A6BF004F796D /* main.m */ = {isa = PBXFileReference; lastKnownFileType = sourcecode.c.objc; path = main.m; sourceTree = "<group>"; };
		180E84802478A6BF004F796D /* ADMidTestTests.xctest */ = {isa = PBXFileReference; explicitFileType = wrapper.cfbundle; includeInIndex = 0; path = ADMidTestTests.xctest; sourceTree = BUILT_PRODUCTS_DIR; };
		180E84842478A6BF004F796D /* ADMidTestTests.m */ = {isa = PBXFileReference; lastKnownFileType = sourcecode.c.objc; path = ADMidTestTests.m; sourceTree = "<group>"; };
		180E84862478A6BF004F796D /* Info.plist */ = {isa = PBXFileReference; lastKnownFileType = text.plist.xml; path = Info.plist; sourceTree = "<group>"; };
		180E848B2478A6BF004F796D /* ADMidTestUITests.xctest */ = {isa = PBXFileReference; explicitFileType = wrapper.cfbundle; includeInIndex = 0; path = ADMidTestUITests.xctest; sourceTree = BUILT_PRODUCTS_DIR; };
		180E848F2478A6BF004F796D /* ADMidTestUITests.m */ = {isa = PBXFileReference; lastKnownFileType = sourcecode.c.objc; path = ADMidTestUITests.m; sourceTree = "<group>"; };
		180E84912478A6BF004F796D /* Info.plist */ = {isa = PBXFileReference; lastKnownFileType = text.plist.xml; path = Info.plist; sourceTree = "<group>"; };
		180E849D2478A725004F796D /* MainViewController.h */ = {isa = PBXFileReference; lastKnownFileType = sourcecode.c.h; path = MainViewController.h; sourceTree = "<group>"; };
		180E849E2478A725004F796D /* MainViewController.m */ = {isa = PBXFileReference; lastKnownFileType = sourcecode.c.objc; path = MainViewController.m; sourceTree = "<group>"; };
		180E84A02478A751004F796D /* MusicViewController.h */ = {isa = PBXFileReference; lastKnownFileType = sourcecode.c.h; path = MusicViewController.h; sourceTree = "<group>"; };
		180E84A12478A751004F796D /* MusicViewController.m */ = {isa = PBXFileReference; lastKnownFileType = sourcecode.c.objc; path = MusicViewController.m; sourceTree = "<group>"; };
		180E84A32478A760004F796D /* MysongViewController.h */ = {isa = PBXFileReference; lastKnownFileType = sourcecode.c.h; path = MysongViewController.h; sourceTree = "<group>"; };
		180E84A42478A760004F796D /* MysongViewController.m */ = {isa = PBXFileReference; lastKnownFileType = sourcecode.c.objc; path = MysongViewController.m; sourceTree = "<group>"; };
		180E84AE2478B3AA004F796D /* MusicModel.h */ = {isa = PBXFileReference; lastKnownFileType = sourcecode.c.h; path = MusicModel.h; sourceTree = "<group>"; };
		180E84AF2478B3AA004F796D /* MusicModel.m */ = {isa = PBXFileReference; lastKnownFileType = sourcecode.c.objc; path = MusicModel.m; sourceTree = "<group>"; };
		180E84B12478B510004F796D /* MysongTableViewCell.h */ = {isa = PBXFileReference; lastKnownFileType = sourcecode.c.h; path = MysongTableViewCell.h; sourceTree = "<group>"; };
		180E84B22478B510004F796D /* MysongTableViewCell.m */ = {isa = PBXFileReference; lastKnownFileType = sourcecode.c.objc; path = MysongTableViewCell.m; sourceTree = "<group>"; };
		180E84B42478CBCB004F796D /* PlayModel.h */ = {isa = PBXFileReference; lastKnownFileType = sourcecode.c.h; path = PlayModel.h; sourceTree = "<group>"; };
		180E84B52478CBCB004F796D /* PlayModel.m */ = {isa = PBXFileReference; lastKnownFileType = sourcecode.c.objc; path = PlayModel.m; sourceTree = "<group>"; };
		180E84EE247965BC004F796D /* bannerViewController.h */ = {isa = PBXFileReference; lastKnownFileType = sourcecode.c.h; path = bannerViewController.h; sourceTree = "<group>"; };
		180E84EF247965BC004F796D /* bannerViewController.m */ = {isa = PBXFileReference; lastKnownFileType = sourcecode.c.objc; path = bannerViewController.m; sourceTree = "<group>"; };
		180E84F1247967E1004F796D /* bannerModel.h */ = {isa = PBXFileReference; lastKnownFileType = sourcecode.c.h; path = bannerModel.h; sourceTree = "<group>"; };
		180E84F2247967E1004F796D /* bannerModel.m */ = {isa = PBXFileReference; lastKnownFileType = sourcecode.c.objc; path = bannerModel.m; sourceTree = "<group>"; };
		180E84F424797554004F796D /* bannerCollectionViewCell.h */ = {isa = PBXFileReference; lastKnownFileType = sourcecode.c.h; path = bannerCollectionViewCell.h; sourceTree = "<group>"; };
		180E84F524797554004F796D /* bannerCollectionViewCell.m */ = {isa = PBXFileReference; lastKnownFileType = sourcecode.c.objc; path = bannerCollectionViewCell.m; sourceTree = "<group>"; };
		18C15AE5247AD29300F638F3 /* SDWebImage.h */ = {isa = PBXFileReference; fileEncoding = 4; lastKnownFileType = sourcecode.c.h; path = SDWebImage.h; sourceTree = "<group>"; };
		18C15AE6247AD29300F638F3 /* LICENSE */ = {isa = PBXFileReference; fileEncoding = 4; lastKnownFileType = text; path = LICENSE; sourceTree = "<group>"; };
		18C15AE7247AD29300F638F3 /* README.md */ = {isa = PBXFileReference; fileEncoding = 4; lastKnownFileType = net.daringfireball.markdown; path = README.md; sourceTree = "<group>"; };
		18C15AEA247AD29300F638F3 /* UIImage+ExtendedCacheData.h */ = {isa = PBXFileReference; fileEncoding = 4; lastKnownFileType = sourcecode.c.h; path = "UIImage+ExtendedCacheData.h"; sourceTree = "<group>"; };
		18C15AEB247AD29300F638F3 /* SDImageHEICCoder.m */ = {isa = PBXFileReference; fileEncoding = 4; lastKnownFileType = sourcecode.c.objc; path = SDImageHEICCoder.m; sourceTree = "<group>"; };
		18C15AEC247AD29300F638F3 /* SDAnimatedImageRep.h */ = {isa = PBXFileReference; fileEncoding = 4; lastKnownFileType = sourcecode.c.h; path = SDAnimatedImageRep.h; sourceTree = "<group>"; };
		18C15AED247AD29300F638F3 /* NSImage+Compatibility.m */ = {isa = PBXFileReference; fileEncoding = 4; lastKnownFileType = sourcecode.c.objc; path = "NSImage+Compatibility.m"; sourceTree = "<group>"; };
		18C15AEE247AD29300F638F3 /* SDDiskCache.h */ = {isa = PBXFileReference; fileEncoding = 4; lastKnownFileType = sourcecode.c.h; path = SDDiskCache.h; sourceTree = "<group>"; };
		18C15AEF247AD29300F638F3 /* SDAnimatedImageView+WebCache.m */ = {isa = PBXFileReference; fileEncoding = 4; lastKnownFileType = sourcecode.c.objc; path = "SDAnimatedImageView+WebCache.m"; sourceTree = "<group>"; };
		18C15AF0247AD29300F638F3 /* SDImageIOCoder.h */ = {isa = PBXFileReference; fileEncoding = 4; lastKnownFileType = sourcecode.c.h; path = SDImageIOCoder.h; sourceTree = "<group>"; };
		18C15AF1247AD29300F638F3 /* SDImageCoder.m */ = {isa = PBXFileReference; fileEncoding = 4; lastKnownFileType = sourcecode.c.objc; path = SDImageCoder.m; sourceTree = "<group>"; };
		18C15AF2247AD29300F638F3 /* NSButton+WebCache.h */ = {isa = PBXFileReference; fileEncoding = 4; lastKnownFileType = sourcecode.c.h; path = "NSButton+WebCache.h"; sourceTree = "<group>"; };
		18C15AF3247AD29300F638F3 /* SDImageGraphics.h */ = {isa = PBXFileReference; fileEncoding = 4; lastKnownFileType = sourcecode.c.h; path = SDImageGraphics.h; sourceTree = "<group>"; };
		18C15AF4247AD29300F638F3 /* UIImageView+WebCache.h */ = {isa = PBXFileReference; fileEncoding = 4; lastKnownFileType = sourcecode.c.h; path = "UIImageView+WebCache.h"; sourceTree = "<group>"; };
		18C15AF5247AD29300F638F3 /* NSData+ImageContentType.h */ = {isa = PBXFileReference; fileEncoding = 4; lastKnownFileType = sourcecode.c.h; path = "NSData+ImageContentType.h"; sourceTree = "<group>"; };
		18C15AF6247AD29300F638F3 /* SDWebImageDownloaderDecryptor.m */ = {isa = PBXFileReference; fileEncoding = 4; lastKnownFileType = sourcecode.c.objc; path = SDWebImageDownloaderDecryptor.m; sourceTree = "<group>"; };
		18C15AF7247AD29300F638F3 /* SDImageTransformer.h */ = {isa = PBXFileReference; fileEncoding = 4; lastKnownFileType = sourcecode.c.h; path = SDImageTransformer.h; sourceTree = "<group>"; };
		18C15AF8247AD29300F638F3 /* SDImageCachesManager.h */ = {isa = PBXFileReference; fileEncoding = 4; lastKnownFileType = sourcecode.c.h; path = SDImageCachesManager.h; sourceTree = "<group>"; };
		18C15AF9247AD29300F638F3 /* SDWebImageTransition.h */ = {isa = PBXFileReference; fileEncoding = 4; lastKnownFileType = sourcecode.c.h; path = SDWebImageTransition.h; sourceTree = "<group>"; };
		18C15AFA247AD29300F638F3 /* SDWebImageManager.m */ = {isa = PBXFileReference; fileEncoding = 4; lastKnownFileType = sourcecode.c.objc; path = SDWebImageManager.m; sourceTree = "<group>"; };
		18C15AFB247AD29300F638F3 /* SDImageLoadersManager.h */ = {isa = PBXFileReference; fileEncoding = 4; lastKnownFileType = sourcecode.c.h; path = SDImageLoadersManager.h; sourceTree = "<group>"; };
		18C15AFC247AD29300F638F3 /* SDImageIOAnimatedCoder.m */ = {isa = PBXFileReference; fileEncoding = 4; lastKnownFileType = sourcecode.c.objc; path = SDImageIOAnimatedCoder.m; sourceTree = "<group>"; };
		18C15AFD247AD29300F638F3 /* SDWebImageDownloaderOperation.h */ = {isa = PBXFileReference; fileEncoding = 4; lastKnownFileType = sourcecode.c.h; path = SDWebImageDownloaderOperation.h; sourceTree = "<group>"; };
		18C15AFE247AD29300F638F3 /* UIImageView+HighlightedWebCache.m */ = {isa = PBXFileReference; fileEncoding = 4; lastKnownFileType = sourcecode.c.objc; path = "UIImageView+HighlightedWebCache.m"; sourceTree = "<group>"; };
		18C15AFF247AD29300F638F3 /* SDImageFrame.h */ = {isa = PBXFileReference; fileEncoding = 4; lastKnownFileType = sourcecode.c.h; path = SDImageFrame.h; sourceTree = "<group>"; };
		18C15B00247AD29300F638F3 /* SDImageGIFCoder.h */ = {isa = PBXFileReference; fileEncoding = 4; lastKnownFileType = sourcecode.c.h; path = SDImageGIFCoder.h; sourceTree = "<group>"; };
		18C15B01247AD29300F638F3 /* SDImageCache.h */ = {isa = PBXFileReference; fileEncoding = 4; lastKnownFileType = sourcecode.c.h; path = SDImageCache.h; sourceTree = "<group>"; };
		18C15B02247AD29300F638F3 /* SDWebImageDownloaderConfig.h */ = {isa = PBXFileReference; fileEncoding = 4; lastKnownFileType = sourcecode.c.h; path = SDWebImageDownloaderConfig.h; sourceTree = "<group>"; };
		18C15B03247AD29300F638F3 /* SDAnimatedImage.m */ = {isa = PBXFileReference; fileEncoding = 4; lastKnownFileType = sourcecode.c.objc; path = SDAnimatedImage.m; sourceTree = "<group>"; };
		18C15B04247AD29400F638F3 /* SDAnimatedImageView.m */ = {isa = PBXFileReference; fileEncoding = 4; lastKnownFileType = sourcecode.c.objc; path = SDAnimatedImageView.m; sourceTree = "<group>"; };
		18C15B05247AD29400F638F3 /* UIImage+ForceDecode.m */ = {isa = PBXFileReference; fileEncoding = 4; lastKnownFileType = sourcecode.c.objc; path = "UIImage+ForceDecode.m"; sourceTree = "<group>"; };
		18C15B06247AD29400F638F3 /* SDImageCacheConfig.h */ = {isa = PBXFileReference; fileEncoding = 4; lastKnownFileType = sourcecode.c.h; path = SDImageCacheConfig.h; sourceTree = "<group>"; };
		18C15B07247AD29400F638F3 /* SDWebImageCacheKeyFilter.h */ = {isa = PBXFileReference; fileEncoding = 4; lastKnownFileType = sourcecode.c.h; path = SDWebImageCacheKeyFilter.h; sourceTree = "<group>"; };
		18C15B08247AD29400F638F3 /* SDAnimatedImagePlayer.m */ = {isa = PBXFileReference; fileEncoding = 4; lastKnownFileType = sourcecode.c.objc; path = SDAnimatedImagePlayer.m; sourceTree = "<group>"; };
		18C15B09247AD29400F638F3 /* UIImage+Transform.m */ = {isa = PBXFileReference; fileEncoding = 4; lastKnownFileType = sourcecode.c.objc; path = "UIImage+Transform.m"; sourceTree = "<group>"; };
		18C15B0A247AD29400F638F3 /* UIImage+MemoryCacheCost.h */ = {isa = PBXFileReference; fileEncoding = 4; lastKnownFileType = sourcecode.c.h; path = "UIImage+MemoryCacheCost.h"; sourceTree = "<group>"; };
		18C15B0B247AD29400F638F3 /* SDWebImageDownloader.m */ = {isa = PBXFileReference; fileEncoding = 4; lastKnownFileType = sourcecode.c.objc; path = SDWebImageDownloader.m; sourceTree = "<group>"; };
		18C15B0C247AD29400F638F3 /* SDImageCacheDefine.h */ = {isa = PBXFileReference; fileEncoding = 4; lastKnownFileType = sourcecode.c.h; path = SDImageCacheDefine.h; sourceTree = "<group>"; };
		18C15B0D247AD29400F638F3 /* SDImageLoader.m */ = {isa = PBXFileReference; fileEncoding = 4; lastKnownFileType = sourcecode.c.objc; path = SDImageLoader.m; sourceTree = "<group>"; };
		18C15B0E247AD29400F638F3 /* SDWebImageCacheSerializer.m */ = {isa = PBXFileReference; fileEncoding = 4; lastKnownFileType = sourcecode.c.objc; path = SDWebImageCacheSerializer.m; sourceTree = "<group>"; };
		18C15B0F247AD29400F638F3 /* SDWebImageIndicator.m */ = {isa = PBXFileReference; fileEncoding = 4; lastKnownFileType = sourcecode.c.objc; path = SDWebImageIndicator.m; sourceTree = "<group>"; };
		18C15B10247AD29400F638F3 /* UIImage+GIF.m */ = {isa = PBXFileReference; fileEncoding = 4; lastKnownFileType = sourcecode.c.objc; path = "UIImage+GIF.m"; sourceTree = "<group>"; };
		18C15B11247AD29400F638F3 /* SDImageCodersManager.m */ = {isa = PBXFileReference; fileEncoding = 4; lastKnownFileType = sourcecode.c.objc; path = SDImageCodersManager.m; sourceTree = "<group>"; };
		18C15B12247AD29400F638F3 /* UIButton+WebCache.h */ = {isa = PBXFileReference; fileEncoding = 4; lastKnownFileType = sourcecode.c.h; path = "UIButton+WebCache.h"; sourceTree = "<group>"; };
		18C15B13247AD29400F638F3 /* SDWebImageDownloaderRequestModifier.h */ = {isa = PBXFileReference; fileEncoding = 4; lastKnownFileType = sourcecode.c.h; path = SDWebImageDownloaderRequestModifier.h; sourceTree = "<group>"; };
		18C15B14247AD29400F638F3 /* UIImage+MultiFormat.m */ = {isa = PBXFileReference; fileEncoding = 4; lastKnownFileType = sourcecode.c.objc; path = "UIImage+MultiFormat.m"; sourceTree = "<group>"; };
		18C15B15247AD29400F638F3 /* SDMemoryCache.m */ = {isa = PBXFileReference; fileEncoding = 4; lastKnownFileType = sourcecode.c.objc; path = SDMemoryCache.m; sourceTree = "<group>"; };
		18C15B16247AD29400F638F3 /* UIImage+Metadata.h */ = {isa = PBXFileReference; fileEncoding = 4; lastKnownFileType = sourcecode.c.h; path = "UIImage+Metadata.h"; sourceTree = "<group>"; };
		18C15B17247AD29400F638F3 /* SDWebImageCompat.m */ = {isa = PBXFileReference; fileEncoding = 4; lastKnownFileType = sourcecode.c.objc; path = SDWebImageCompat.m; sourceTree = "<group>"; };
		18C15B18247AD29400F638F3 /* SDImageAPNGCoder.m */ = {isa = PBXFileReference; fileEncoding = 4; lastKnownFileType = sourcecode.c.objc; path = SDImageAPNGCoder.m; sourceTree = "<group>"; };
		18C15B19247AD29400F638F3 /* SDWebImageDownloaderResponseModifier.m */ = {isa = PBXFileReference; fileEncoding = 4; lastKnownFileType = sourcecode.c.objc; path = SDWebImageDownloaderResponseModifier.m; sourceTree = "<group>"; };
		18C15B1A247AD29400F638F3 /* SDWebImageError.m */ = {isa = PBXFileReference; fileEncoding = 4; lastKnownFileType = sourcecode.c.objc; path = SDWebImageError.m; sourceTree = "<group>"; };
		18C15B1B247AD29400F638F3 /* SDWebImagePrefetcher.m */ = {isa = PBXFileReference; fileEncoding = 4; lastKnownFileType = sourcecode.c.objc; path = SDWebImagePrefetcher.m; sourceTree = "<group>"; };
		18C15B1C247AD29400F638F3 /* SDImageCoderHelper.m */ = {isa = PBXFileReference; fileEncoding = 4; lastKnownFileType = sourcecode.c.objc; path = SDImageCoderHelper.m; sourceTree = "<group>"; };
		18C15B1D247AD29400F638F3 /* SDWebImageOptionsProcessor.h */ = {isa = PBXFileReference; fileEncoding = 4; lastKnownFileType = sourcecode.c.h; path = SDWebImageOptionsProcessor.h; sourceTree = "<group>"; };
		18C15B1E247AD29400F638F3 /* UIView+WebCache.h */ = {isa = PBXFileReference; fileEncoding = 4; lastKnownFileType = sourcecode.c.h; path = "UIView+WebCache.h"; sourceTree = "<group>"; };
		18C15B1F247AD29400F638F3 /* UIView+WebCacheOperation.h */ = {isa = PBXFileReference; fileEncoding = 4; lastKnownFileType = sourcecode.c.h; path = "UIView+WebCacheOperation.h"; sourceTree = "<group>"; };
		18C15B20247AD29400F638F3 /* SDWebImageDefine.h */ = {isa = PBXFileReference; fileEncoding = 4; lastKnownFileType = sourcecode.c.h; path = SDWebImageDefine.h; sourceTree = "<group>"; };
		18C15B21247AD29400F638F3 /* NSButton+WebCache.m */ = {isa = PBXFileReference; fileEncoding = 4; lastKnownFileType = sourcecode.c.objc; path = "NSButton+WebCache.m"; sourceTree = "<group>"; };
		18C15B22247AD29400F638F3 /* SDImageCoder.h */ = {isa = PBXFileReference; fileEncoding = 4; lastKnownFileType = sourcecode.c.h; path = SDImageCoder.h; sourceTree = "<group>"; };
		18C15B23247AD29400F638F3 /* SDImageIOCoder.m */ = {isa = PBXFileReference; fileEncoding = 4; lastKnownFileType = sourcecode.c.objc; path = SDImageIOCoder.m; sourceTree = "<group>"; };
		18C15B24247AD29400F638F3 /* SDAnimatedImageView+WebCache.h */ = {isa = PBXFileReference; fileEncoding = 4; lastKnownFileType = sourcecode.c.h; path = "SDAnimatedImageView+WebCache.h"; sourceTree = "<group>"; };
		18C15B25247AD29400F638F3 /* SDDiskCache.m */ = {isa = PBXFileReference; fileEncoding = 4; lastKnownFileType = sourcecode.c.objc; path = SDDiskCache.m; sourceTree = "<group>"; };
		18C15B26247AD29400F638F3 /* NSImage+Compatibility.h */ = {isa = PBXFileReference; fileEncoding = 4; lastKnownFileType = sourcecode.c.h; path = "NSImage+Compatibility.h"; sourceTree = "<group>"; };
		18C15B27247AD29400F638F3 /* SDAnimatedImageRep.m */ = {isa = PBXFileReference; fileEncoding = 4; lastKnownFileType = sourcecode.c.objc; path = SDAnimatedImageRep.m; sourceTree = "<group>"; };
		18C15B28247AD29400F638F3 /* SDImageHEICCoder.h */ = {isa = PBXFileReference; fileEncoding = 4; lastKnownFileType = sourcecode.c.h; path = SDImageHEICCoder.h; sourceTree = "<group>"; };
		18C15B29247AD29400F638F3 /* UIImage+ExtendedCacheData.m */ = {isa = PBXFileReference; fileEncoding = 4; lastKnownFileType = sourcecode.c.objc; path = "UIImage+ExtendedCacheData.m"; sourceTree = "<group>"; };
		18C15B2A247AD29400F638F3 /* SDAnimatedImageView.h */ = {isa = PBXFileReference; fileEncoding = 4; lastKnownFileType = sourcecode.c.h; path = SDAnimatedImageView.h; sourceTree = "<group>"; };
		18C15B2B247AD29400F638F3 /* SDWebImageDownloaderConfig.m */ = {isa = PBXFileReference; fileEncoding = 4; lastKnownFileType = sourcecode.c.objc; path = SDWebImageDownloaderConfig.m; sourceTree = "<group>"; };
		18C15B2C247AD29400F638F3 /* SDAnimatedImage.h */ = {isa = PBXFileReference; fileEncoding = 4; lastKnownFileType = sourcecode.c.h; path = SDAnimatedImage.h; sourceTree = "<group>"; };
		18C15B2D247AD29400F638F3 /* SDImageCache.m */ = {isa = PBXFileReference; fileEncoding = 4; lastKnownFileType = sourcecode.c.objc; path = SDImageCache.m; sourceTree = "<group>"; };
		18C15B2E247AD29400F638F3 /* SDImageGIFCoder.m */ = {isa = PBXFileReference; fileEncoding = 4; lastKnownFileType = sourcecode.c.objc; path = SDImageGIFCoder.m; sourceTree = "<group>"; };
		18C15B2F247AD29400F638F3 /* UIImageView+HighlightedWebCache.h */ = {isa = PBXFileReference; fileEncoding = 4; lastKnownFileType = sourcecode.c.h; path = "UIImageView+HighlightedWebCache.h"; sourceTree = "<group>"; };
		18C15B30247AD29400F638F3 /* SDImageFrame.m */ = {isa = PBXFileReference; fileEncoding = 4; lastKnownFileType = sourcecode.c.objc; path = SDImageFrame.m; sourceTree = "<group>"; };
		18C15B31247AD29400F638F3 /* SDWebImageDownloaderOperation.m */ = {isa = PBXFileReference; fileEncoding = 4; lastKnownFileType = sourcecode.c.objc; path = SDWebImageDownloaderOperation.m; sourceTree = "<group>"; };
		18C15B32247AD29400F638F3 /* SDImageIOAnimatedCoder.h */ = {isa = PBXFileReference; fileEncoding = 4; lastKnownFileType = sourcecode.c.h; path = SDImageIOAnimatedCoder.h; sourceTree = "<group>"; };
		18C15B33247AD29400F638F3 /* SDImageLoadersManager.m */ = {isa = PBXFileReference; fileEncoding = 4; lastKnownFileType = sourcecode.c.objc; path = SDImageLoadersManager.m; sourceTree = "<group>"; };
		18C15B34247AD29400F638F3 /* SDImageCachesManager.m */ = {isa = PBXFileReference; fileEncoding = 4; lastKnownFileType = sourcecode.c.objc; path = SDImageCachesManager.m; sourceTree = "<group>"; };
		18C15B35247AD29400F638F3 /* SDWebImageTransition.m */ = {isa = PBXFileReference; fileEncoding = 4; lastKnownFileType = sourcecode.c.objc; path = SDWebImageTransition.m; sourceTree = "<group>"; };
		18C15B36247AD29400F638F3 /* SDWebImageManager.h */ = {isa = PBXFileReference; fileEncoding = 4; lastKnownFileType = sourcecode.c.h; path = SDWebImageManager.h; sourceTree = "<group>"; };
		18C15B37247AD29400F638F3 /* SDImageTransformer.m */ = {isa = PBXFileReference; fileEncoding = 4; lastKnownFileType = sourcecode.c.objc; path = SDImageTransformer.m; sourceTree = "<group>"; };
		18C15B38247AD29400F638F3 /* NSData+ImageContentType.m */ = {isa = PBXFileReference; fileEncoding = 4; lastKnownFileType = sourcecode.c.objc; path = "NSData+ImageContentType.m"; sourceTree = "<group>"; };
		18C15B39247AD29400F638F3 /* UIImageView+WebCache.m */ = {isa = PBXFileReference; fileEncoding = 4; lastKnownFileType = sourcecode.c.objc; path = "UIImageView+WebCache.m"; sourceTree = "<group>"; };
		18C15B3A247AD29400F638F3 /* SDWebImageDownloaderDecryptor.h */ = {isa = PBXFileReference; fileEncoding = 4; lastKnownFileType = sourcecode.c.h; path = SDWebImageDownloaderDecryptor.h; sourceTree = "<group>"; };
		18C15B3B247AD29400F638F3 /* SDWebImageOperation.h */ = {isa = PBXFileReference; fileEncoding = 4; lastKnownFileType = sourcecode.c.h; path = SDWebImageOperation.h; sourceTree = "<group>"; };
		18C15B3C247AD29400F638F3 /* SDImageGraphics.m */ = {isa = PBXFileReference; fileEncoding = 4; lastKnownFileType = sourcecode.c.objc; path = SDImageGraphics.m; sourceTree = "<group>"; };
		18C15B3D247AD29400F638F3 /* SDWebImageIndicator.h */ = {isa = PBXFileReference; fileEncoding = 4; lastKnownFileType = sourcecode.c.h; path = SDWebImageIndicator.h; sourceTree = "<group>"; };
		18C15B3E247AD29400F638F3 /* SDWebImageCacheSerializer.h */ = {isa = PBXFileReference; fileEncoding = 4; lastKnownFileType = sourcecode.c.h; path = SDWebImageCacheSerializer.h; sourceTree = "<group>"; };
		18C15B3F247AD29400F638F3 /* SDImageLoader.h */ = {isa = PBXFileReference; fileEncoding = 4; lastKnownFileType = sourcecode.c.h; path = SDImageLoader.h; sourceTree = "<group>"; };
		18C15B40247AD29400F638F3 /* SDImageCacheDefine.m */ = {isa = PBXFileReference; fileEncoding = 4; lastKnownFileType = sourcecode.c.objc; path = SDImageCacheDefine.m; sourceTree = "<group>"; };
		18C15B41247AD29400F638F3 /* SDWebImageDownloader.h */ = {isa = PBXFileReference; fileEncoding = 4; lastKnownFileType = sourcecode.c.h; path = SDWebImageDownloader.h; sourceTree = "<group>"; };
		18C15B42247AD29400F638F3 /* UIImage+MemoryCacheCost.m */ = {isa = PBXFileReference; fileEncoding = 4; lastKnownFileType = sourcecode.c.objc; path = "UIImage+MemoryCacheCost.m"; sourceTree = "<group>"; };
		18C15B43247AD29400F638F3 /* UIImage+Transform.h */ = {isa = PBXFileReference; fileEncoding = 4; lastKnownFileType = sourcecode.c.h; path = "UIImage+Transform.h"; sourceTree = "<group>"; };
		18C15B44247AD29400F638F3 /* SDAnimatedImagePlayer.h */ = {isa = PBXFileReference; fileEncoding = 4; lastKnownFileType = sourcecode.c.h; path = SDAnimatedImagePlayer.h; sourceTree = "<group>"; };
		18C15B45247AD29400F638F3 /* SDImageCacheConfig.m */ = {isa = PBXFileReference; fileEncoding = 4; lastKnownFileType = sourcecode.c.objc; path = SDImageCacheConfig.m; sourceTree = "<group>"; };
		18C15B46247AD29400F638F3 /* SDWebImageCacheKeyFilter.m */ = {isa = PBXFileReference; fileEncoding = 4; lastKnownFileType = sourcecode.c.objc; path = SDWebImageCacheKeyFilter.m; sourceTree = "<group>"; };
		18C15B47247AD29400F638F3 /* UIImage+ForceDecode.h */ = {isa = PBXFileReference; fileEncoding = 4; lastKnownFileType = sourcecode.c.h; path = "UIImage+ForceDecode.h"; sourceTree = "<group>"; };
		18C15B48247AD29400F638F3 /* SDWebImageDefine.m */ = {isa = PBXFileReference; fileEncoding = 4; lastKnownFileType = sourcecode.c.objc; path = SDWebImageDefine.m; sourceTree = "<group>"; };
		18C15B49247AD29400F638F3 /* SDImageCoderHelper.h */ = {isa = PBXFileReference; fileEncoding = 4; lastKnownFileType = sourcecode.c.h; path = SDImageCoderHelper.h; sourceTree = "<group>"; };
		18C15B4A247AD29400F638F3 /* SDWebImageOptionsProcessor.m */ = {isa = PBXFileReference; fileEncoding = 4; lastKnownFileType = sourcecode.c.objc; path = SDWebImageOptionsProcessor.m; sourceTree = "<group>"; };
		18C15B4B247AD29400F638F3 /* UIView+WebCacheOperation.m */ = {isa = PBXFileReference; fileEncoding = 4; lastKnownFileType = sourcecode.c.objc; path = "UIView+WebCacheOperation.m"; sourceTree = "<group>"; };
		18C15B4C247AD29400F638F3 /* UIView+WebCache.m */ = {isa = PBXFileReference; fileEncoding = 4; lastKnownFileType = sourcecode.c.objc; path = "UIView+WebCache.m"; sourceTree = "<group>"; };
		18C15B4D247AD29400F638F3 /* SDWebImagePrefetcher.h */ = {isa = PBXFileReference; fileEncoding = 4; lastKnownFileType = sourcecode.c.h; path = SDWebImagePrefetcher.h; sourceTree = "<group>"; };
		18C15B4E247AD29400F638F3 /* SDWebImageDownloaderResponseModifier.h */ = {isa = PBXFileReference; fileEncoding = 4; lastKnownFileType = sourcecode.c.h; path = SDWebImageDownloaderResponseModifier.h; sourceTree = "<group>"; };
		18C15B4F247AD29400F638F3 /* SDImageAPNGCoder.h */ = {isa = PBXFileReference; fileEncoding = 4; lastKnownFileType = sourcecode.c.h; path = SDImageAPNGCoder.h; sourceTree = "<group>"; };
		18C15B50247AD29400F638F3 /* SDWebImageError.h */ = {isa = PBXFileReference; fileEncoding = 4; lastKnownFileType = sourcecode.c.h; path = SDWebImageError.h; sourceTree = "<group>"; };
		18C15B51247AD29400F638F3 /* SDWebImageCompat.h */ = {isa = PBXFileReference; fileEncoding = 4; lastKnownFileType = sourcecode.c.h; path = SDWebImageCompat.h; sourceTree = "<group>"; };
		18C15B52247AD29400F638F3 /* SDMemoryCache.h */ = {isa = PBXFileReference; fileEncoding = 4; lastKnownFileType = sourcecode.c.h; path = SDMemoryCache.h; sourceTree = "<group>"; };
		18C15B53247AD29400F638F3 /* UIImage+Metadata.m */ = {isa = PBXFileReference; fileEncoding = 4; lastKnownFileType = sourcecode.c.objc; path = "UIImage+Metadata.m"; sourceTree = "<group>"; };
		18C15B54247AD29400F638F3 /* UIImage+MultiFormat.h */ = {isa = PBXFileReference; fileEncoding = 4; lastKnownFileType = sourcecode.c.h; path = "UIImage+MultiFormat.h"; sourceTree = "<group>"; };
		18C15B55247AD29400F638F3 /* UIButton+WebCache.m */ = {isa = PBXFileReference; fileEncoding = 4; lastKnownFileType = sourcecode.c.objc; path = "UIButton+WebCache.m"; sourceTree = "<group>"; };
		18C15B56247AD29400F638F3 /* SDWebImageDownloaderRequestModifier.m */ = {isa = PBXFileReference; fileEncoding = 4; lastKnownFileType = sourcecode.c.objc; path = SDWebImageDownloaderRequestModifier.m; sourceTree = "<group>"; };
		18C15B57247AD29400F638F3 /* SDImageCodersManager.h */ = {isa = PBXFileReference; fileEncoding = 4; lastKnownFileType = sourcecode.c.h; path = SDImageCodersManager.h; sourceTree = "<group>"; };
		18C15B58247AD29400F638F3 /* UIImage+GIF.h */ = {isa = PBXFileReference; fileEncoding = 4; lastKnownFileType = sourcecode.c.h; path = "UIImage+GIF.h"; sourceTree = "<group>"; };
		18C15B5A247AD29400F638F3 /* SDDeviceHelper.h */ = {isa = PBXFileReference; fileEncoding = 4; lastKnownFileType = sourcecode.c.h; path = SDDeviceHelper.h; sourceTree = "<group>"; };
		18C15B5B247AD29400F638F3 /* SDWeakProxy.h */ = {isa = PBXFileReference; fileEncoding = 4; lastKnownFileType = sourcecode.c.h; path = SDWeakProxy.h; sourceTree = "<group>"; };
		18C15B5C247AD29400F638F3 /* SDImageCachesManagerOperation.m */ = {isa = PBXFileReference; fileEncoding = 4; lastKnownFileType = sourcecode.c.objc; path = SDImageCachesManagerOperation.m; sourceTree = "<group>"; };
		18C15B5D247AD29400F638F3 /* SDFileAttributeHelper.h */ = {isa = PBXFileReference; fileEncoding = 4; lastKnownFileType = sourcecode.c.h; path = SDFileAttributeHelper.h; sourceTree = "<group>"; };
		18C15B5E247AD29400F638F3 /* SDInternalMacros.h */ = {isa = PBXFileReference; fileEncoding = 4; lastKnownFileType = sourcecode.c.h; path = SDInternalMacros.h; sourceTree = "<group>"; };
		18C15B5F247AD29400F638F3 /* NSBezierPath+RoundedCorners.h */ = {isa = PBXFileReference; fileEncoding = 4; lastKnownFileType = sourcecode.c.h; path = "NSBezierPath+RoundedCorners.h"; sourceTree = "<group>"; };
		18C15B60247AD29400F638F3 /* SDImageAssetManager.m */ = {isa = PBXFileReference; fileEncoding = 4; lastKnownFileType = sourcecode.c.objc; path = SDImageAssetManager.m; sourceTree = "<group>"; };
		18C15B61247AD29400F638F3 /* SDAsyncBlockOperation.h */ = {isa = PBXFileReference; fileEncoding = 4; lastKnownFileType = sourcecode.c.h; path = SDAsyncBlockOperation.h; sourceTree = "<group>"; };
		18C15B62247AD29400F638F3 /* SDDisplayLink.h */ = {isa = PBXFileReference; fileEncoding = 4; lastKnownFileType = sourcecode.c.h; path = SDDisplayLink.h; sourceTree = "<group>"; };
		18C15B63247AD29400F638F3 /* UIColor+HexString.h */ = {isa = PBXFileReference; fileEncoding = 4; lastKnownFileType = sourcecode.c.h; path = "UIColor+HexString.h"; sourceTree = "<group>"; };
		18C15B64247AD29400F638F3 /* SDAssociatedObject.h */ = {isa = PBXFileReference; fileEncoding = 4; lastKnownFileType = sourcecode.c.h; path = SDAssociatedObject.h; sourceTree = "<group>"; };
		18C15B65247AD29400F638F3 /* SDmetamacros.h */ = {isa = PBXFileReference; fileEncoding = 4; lastKnownFileType = sourcecode.c.h; path = SDmetamacros.h; sourceTree = "<group>"; };
		18C15B66247AD29400F638F3 /* SDImageHEICCoderInternal.h */ = {isa = PBXFileReference; fileEncoding = 4; lastKnownFileType = sourcecode.c.h; path = SDImageHEICCoderInternal.h; sourceTree = "<group>"; };
		18C15B67247AD29400F638F3 /* SDImageIOAnimatedCoderInternal.h */ = {isa = PBXFileReference; fileEncoding = 4; lastKnownFileType = sourcecode.c.h; path = SDImageIOAnimatedCoderInternal.h; sourceTree = "<group>"; };
		18C15B68247AD29400F638F3 /* SDDeviceHelper.m */ = {isa = PBXFileReference; fileEncoding = 4; lastKnownFileType = sourcecode.c.objc; path = SDDeviceHelper.m; sourceTree = "<group>"; };
		18C15B69247AD29400F638F3 /* SDWeakProxy.m */ = {isa = PBXFileReference; fileEncoding = 4; lastKnownFileType = sourcecode.c.objc; path = SDWeakProxy.m; sourceTree = "<group>"; };
		18C15B6A247AD29400F638F3 /* SDInternalMacros.m */ = {isa = PBXFileReference; fileEncoding = 4; lastKnownFileType = sourcecode.c.objc; path = SDInternalMacros.m; sourceTree = "<group>"; };
		18C15B6B247AD29400F638F3 /* SDFileAttributeHelper.m */ = {isa = PBXFileReference; fileEncoding = 4; lastKnownFileType = sourcecode.c.objc; path = SDFileAttributeHelper.m; sourceTree = "<group>"; };
		18C15B6C247AD29400F638F3 /* SDImageCachesManagerOperation.h */ = {isa = PBXFileReference; fileEncoding = 4; lastKnownFileType = sourcecode.c.h; path = SDImageCachesManagerOperation.h; sourceTree = "<group>"; };
		18C15B6D247AD29400F638F3 /* SDDisplayLink.m */ = {isa = PBXFileReference; fileEncoding = 4; lastKnownFileType = sourcecode.c.objc; path = SDDisplayLink.m; sourceTree = "<group>"; };
		18C15B6E247AD29400F638F3 /* SDImageAssetManager.h */ = {isa = PBXFileReference; fileEncoding = 4; lastKnownFileType = sourcecode.c.h; path = SDImageAssetManager.h; sourceTree = "<group>"; };
		18C15B6F247AD29400F638F3 /* SDAsyncBlockOperation.m */ = {isa = PBXFileReference; fileEncoding = 4; lastKnownFileType = sourcecode.c.objc; path = SDAsyncBlockOperation.m; sourceTree = "<group>"; };
		18C15B70247AD29400F638F3 /* NSBezierPath+RoundedCorners.m */ = {isa = PBXFileReference; fileEncoding = 4; lastKnownFileType = sourcecode.c.objc; path = "NSBezierPath+RoundedCorners.m"; sourceTree = "<group>"; };
		18C15B71247AD29400F638F3 /* UIColor+HexString.m */ = {isa = PBXFileReference; fileEncoding = 4; lastKnownFileType = sourcecode.c.objc; path = "UIColor+HexString.m"; sourceTree = "<group>"; };
		18C15B72247AD29400F638F3 /* SDAssociatedObject.m */ = {isa = PBXFileReference; fileEncoding = 4; lastKnownFileType = sourcecode.c.objc; path = SDAssociatedObject.m; sourceTree = "<group>"; };
		81C5BAB92A65F6F0254C0C05 /* Pods-ADMidTest.release.xcconfig */ = {isa = PBXFileReference; includeInIndex = 1; lastKnownFileType = text.xcconfig; name = "Pods-ADMidTest.release.xcconfig"; path = "Target Support Files/Pods-ADMidTest/Pods-ADMidTest.release.xcconfig"; sourceTree = "<group>"; };
		89E01AB440BD9DE1F010E738 /* Pods-ADMidTest.debug.xcconfig */ = {isa = PBXFileReference; includeInIndex = 1; lastKnownFileType = text.xcconfig; name = "Pods-ADMidTest.debug.xcconfig"; path = "Target Support Files/Pods-ADMidTest/Pods-ADMidTest.debug.xcconfig"; sourceTree = "<group>"; };
		A841D4E9D84532C04109CF22 /* libPods-ADMidTest.a */ = {isa = PBXFileReference; explicitFileType = archive.ar; includeInIndex = 0; path = "libPods-ADMidTest.a"; sourceTree = BUILT_PRODUCTS_DIR; };
/* End PBXFileReference section */

/* Begin PBXFrameworksBuildPhase section */
		180E84622478A6BD004F796D /* Frameworks */ = {
			isa = PBXFrameworksBuildPhase;
			buildActionMask = 2147483647;
			files = (
				B71E69127D8A065FBA9DF71E /* libPods-ADMidTest.a in Frameworks */,
			);
			runOnlyForDeploymentPostprocessing = 0;
		};
		180E847D2478A6BF004F796D /* Frameworks */ = {
			isa = PBXFrameworksBuildPhase;
			buildActionMask = 2147483647;
			files = (
			);
			runOnlyForDeploymentPostprocessing = 0;
		};
		180E84882478A6BF004F796D /* Frameworks */ = {
			isa = PBXFrameworksBuildPhase;
			buildActionMask = 2147483647;
			files = (
			);
			runOnlyForDeploymentPostprocessing = 0;
		};
/* End PBXFrameworksBuildPhase section */

/* Begin PBXGroup section */
		180E845C2478A6BD004F796D = {
			isa = PBXGroup;
			children = (
				180E84672478A6BD004F796D /* ADMidTest */,
				180E84832478A6BF004F796D /* ADMidTestTests */,
				180E848E2478A6BF004F796D /* ADMidTestUITests */,
				180E84662478A6BD004F796D /* Products */,
				F597D0E67CBFE133FE95246D /* Pods */,
				D4A41D4AB05C668261EAAEA1 /* Frameworks */,
			);
			sourceTree = "<group>";
		};
		180E84662478A6BD004F796D /* Products */ = {
			isa = PBXGroup;
			children = (
				180E84652478A6BD004F796D /* ADMidTest.app */,
				180E84802478A6BF004F796D /* ADMidTestTests.xctest */,
				180E848B2478A6BF004F796D /* ADMidTestUITests.xctest */,
			);
			name = Products;
			sourceTree = "<group>";
		};
		180E84672478A6BD004F796D /* ADMidTest */ = {
			isa = PBXGroup;
			children = (
				18C15AE3247AD29300F638F3 /* SDWebImage */,
				180E84AD2478B106004F796D /* View */,
				180E84AB2478B0D6004F796D /* Controller */,
				180E84AA2478B0CE004F796D /* Model */,
				180E84692478A6BD004F796D /* AppDelegate.m */,
				180E84682478A6BD004F796D /* AppDelegate.h */,
				180E84712478A6BD004F796D /* Main.storyboard */,
				180E84742478A6BF004F796D /* Assets.xcassets */,
				180E84762478A6BF004F796D /* LaunchScreen.storyboard */,
				180E84792478A6BF004F796D /* Info.plist */,
				180E847A2478A6BF004F796D /* main.m */,
			);
			path = ADMidTest;
			sourceTree = "<group>";
		};
		180E84832478A6BF004F796D /* ADMidTestTests */ = {
			isa = PBXGroup;
			children = (
				180E84842478A6BF004F796D /* ADMidTestTests.m */,
				180E84862478A6BF004F796D /* Info.plist */,
			);
			path = ADMidTestTests;
			sourceTree = "<group>";
		};
		180E848E2478A6BF004F796D /* ADMidTestUITests */ = {
			isa = PBXGroup;
			children = (
				180E848F2478A6BF004F796D /* ADMidTestUITests.m */,
				180E84912478A6BF004F796D /* Info.plist */,
			);
			path = ADMidTestUITests;
			sourceTree = "<group>";
		};
		180E84AA2478B0CE004F796D /* Model */ = {
			isa = PBXGroup;
			children = (
				180E84AE2478B3AA004F796D /* MusicModel.h */,
				180E84AF2478B3AA004F796D /* MusicModel.m */,
				180E84B42478CBCB004F796D /* PlayModel.h */,
				180E84B52478CBCB004F796D /* PlayModel.m */,
				180E84F1247967E1004F796D /* bannerModel.h */,
				180E84F2247967E1004F796D /* bannerModel.m */,
			);
			path = Model;
			sourceTree = "<group>";
		};
		180E84AB2478B0D6004F796D /* Controller */ = {
			isa = PBXGroup;
			children = (
				180E846E2478A6BD004F796D /* ViewController.h */,
				180E846F2478A6BD004F796D /* ViewController.m */,
				180E849D2478A725004F796D /* MainViewController.h */,
				180E849E2478A725004F796D /* MainViewController.m */,
				180E84A02478A751004F796D /* MusicViewController.h */,
				180E84A12478A751004F796D /* MusicViewController.m */,
				180E84A32478A760004F796D /* MysongViewController.h */,
				180E84A42478A760004F796D /* MysongViewController.m */,
				180E84EE247965BC004F796D /* bannerViewController.h */,
				180E84EF247965BC004F796D /* bannerViewController.m */,
			);
			path = Controller;
			sourceTree = "<group>";
		};
		180E84AD2478B106004F796D /* View */ = {
			isa = PBXGroup;
			children = (
				180E84B12478B510004F796D /* MysongTableViewCell.h */,
				180E84B22478B510004F796D /* MysongTableViewCell.m */,
				180E84F424797554004F796D /* bannerCollectionViewCell.h */,
				180E84F524797554004F796D /* bannerCollectionViewCell.m */,
			);
			path = View;
			sourceTree = "<group>";
		};
		18C15AE3247AD29300F638F3 /* SDWebImage */ = {
			isa = PBXGroup;
			children = (
				18C15AE4247AD29300F638F3 /* WebImage */,
				18C15AE6247AD29300F638F3 /* LICENSE */,
				18C15AE7247AD29300F638F3 /* README.md */,
				18C15AE8247AD29300F638F3 /* SDWebImage */,
			);
			path = SDWebImage;
			sourceTree = "<group>";
		};
		18C15AE4247AD29300F638F3 /* WebImage */ = {
			isa = PBXGroup;
			children = (
				18C15AE5247AD29300F638F3 /* SDWebImage.h */,
			);
			path = WebImage;
			sourceTree = "<group>";
		};
		18C15AE8247AD29300F638F3 /* SDWebImage */ = {
			isa = PBXGroup;
			children = (
				18C15AE9247AD29300F638F3 /* Core */,
				18C15B59247AD29400F638F3 /* Private */,
			);
			path = SDWebImage;
			sourceTree = "<group>";
		};
		18C15AE9247AD29300F638F3 /* Core */ = {
			isa = PBXGroup;
			children = (
				18C15AEA247AD29300F638F3 /* UIImage+ExtendedCacheData.h */,
				18C15AEB247AD29300F638F3 /* SDImageHEICCoder.m */,
				18C15AEC247AD29300F638F3 /* SDAnimatedImageRep.h */,
				18C15AED247AD29300F638F3 /* NSImage+Compatibility.m */,
				18C15AEE247AD29300F638F3 /* SDDiskCache.h */,
				18C15AEF247AD29300F638F3 /* SDAnimatedImageView+WebCache.m */,
				18C15AF0247AD29300F638F3 /* SDImageIOCoder.h */,
				18C15AF1247AD29300F638F3 /* SDImageCoder.m */,
				18C15AF2247AD29300F638F3 /* NSButton+WebCache.h */,
				18C15AF3247AD29300F638F3 /* SDImageGraphics.h */,
				18C15AF4247AD29300F638F3 /* UIImageView+WebCache.h */,
				18C15AF5247AD29300F638F3 /* NSData+ImageContentType.h */,
				18C15AF6247AD29300F638F3 /* SDWebImageDownloaderDecryptor.m */,
				18C15AF7247AD29300F638F3 /* SDImageTransformer.h */,
				18C15AF8247AD29300F638F3 /* SDImageCachesManager.h */,
				18C15AF9247AD29300F638F3 /* SDWebImageTransition.h */,
				18C15AFA247AD29300F638F3 /* SDWebImageManager.m */,
				18C15AFB247AD29300F638F3 /* SDImageLoadersManager.h */,
				18C15AFC247AD29300F638F3 /* SDImageIOAnimatedCoder.m */,
				18C15AFD247AD29300F638F3 /* SDWebImageDownloaderOperation.h */,
				18C15AFE247AD29300F638F3 /* UIImageView+HighlightedWebCache.m */,
				18C15AFF247AD29300F638F3 /* SDImageFrame.h */,
				18C15B00247AD29300F638F3 /* SDImageGIFCoder.h */,
				18C15B01247AD29300F638F3 /* SDImageCache.h */,
				18C15B02247AD29300F638F3 /* SDWebImageDownloaderConfig.h */,
				18C15B03247AD29300F638F3 /* SDAnimatedImage.m */,
				18C15B04247AD29400F638F3 /* SDAnimatedImageView.m */,
				18C15B05247AD29400F638F3 /* UIImage+ForceDecode.m */,
				18C15B06247AD29400F638F3 /* SDImageCacheConfig.h */,
				18C15B07247AD29400F638F3 /* SDWebImageCacheKeyFilter.h */,
				18C15B08247AD29400F638F3 /* SDAnimatedImagePlayer.m */,
				18C15B09247AD29400F638F3 /* UIImage+Transform.m */,
				18C15B0A247AD29400F638F3 /* UIImage+MemoryCacheCost.h */,
				18C15B0B247AD29400F638F3 /* SDWebImageDownloader.m */,
				18C15B0C247AD29400F638F3 /* SDImageCacheDefine.h */,
				18C15B0D247AD29400F638F3 /* SDImageLoader.m */,
				18C15B0E247AD29400F638F3 /* SDWebImageCacheSerializer.m */,
				18C15B0F247AD29400F638F3 /* SDWebImageIndicator.m */,
				18C15B10247AD29400F638F3 /* UIImage+GIF.m */,
				18C15B11247AD29400F638F3 /* SDImageCodersManager.m */,
				18C15B12247AD29400F638F3 /* UIButton+WebCache.h */,
				18C15B13247AD29400F638F3 /* SDWebImageDownloaderRequestModifier.h */,
				18C15B14247AD29400F638F3 /* UIImage+MultiFormat.m */,
				18C15B15247AD29400F638F3 /* SDMemoryCache.m */,
				18C15B16247AD29400F638F3 /* UIImage+Metadata.h */,
				18C15B17247AD29400F638F3 /* SDWebImageCompat.m */,
				18C15B18247AD29400F638F3 /* SDImageAPNGCoder.m */,
				18C15B19247AD29400F638F3 /* SDWebImageDownloaderResponseModifier.m */,
				18C15B1A247AD29400F638F3 /* SDWebImageError.m */,
				18C15B1B247AD29400F638F3 /* SDWebImagePrefetcher.m */,
				18C15B1C247AD29400F638F3 /* SDImageCoderHelper.m */,
				18C15B1D247AD29400F638F3 /* SDWebImageOptionsProcessor.h */,
				18C15B1E247AD29400F638F3 /* UIView+WebCache.h */,
				18C15B1F247AD29400F638F3 /* UIView+WebCacheOperation.h */,
				18C15B20247AD29400F638F3 /* SDWebImageDefine.h */,
				18C15B21247AD29400F638F3 /* NSButton+WebCache.m */,
				18C15B22247AD29400F638F3 /* SDImageCoder.h */,
				18C15B23247AD29400F638F3 /* SDImageIOCoder.m */,
				18C15B24247AD29400F638F3 /* SDAnimatedImageView+WebCache.h */,
				18C15B25247AD29400F638F3 /* SDDiskCache.m */,
				18C15B26247AD29400F638F3 /* NSImage+Compatibility.h */,
				18C15B27247AD29400F638F3 /* SDAnimatedImageRep.m */,
				18C15B28247AD29400F638F3 /* SDImageHEICCoder.h */,
				18C15B29247AD29400F638F3 /* UIImage+ExtendedCacheData.m */,
				18C15B2A247AD29400F638F3 /* SDAnimatedImageView.h */,
				18C15B2B247AD29400F638F3 /* SDWebImageDownloaderConfig.m */,
				18C15B2C247AD29400F638F3 /* SDAnimatedImage.h */,
				18C15B2D247AD29400F638F3 /* SDImageCache.m */,
				18C15B2E247AD29400F638F3 /* SDImageGIFCoder.m */,
				18C15B2F247AD29400F638F3 /* UIImageView+HighlightedWebCache.h */,
				18C15B30247AD29400F638F3 /* SDImageFrame.m */,
				18C15B31247AD29400F638F3 /* SDWebImageDownloaderOperation.m */,
				18C15B32247AD29400F638F3 /* SDImageIOAnimatedCoder.h */,
				18C15B33247AD29400F638F3 /* SDImageLoadersManager.m */,
				18C15B34247AD29400F638F3 /* SDImageCachesManager.m */,
				18C15B35247AD29400F638F3 /* SDWebImageTransition.m */,
				18C15B36247AD29400F638F3 /* SDWebImageManager.h */,
				18C15B37247AD29400F638F3 /* SDImageTransformer.m */,
				18C15B38247AD29400F638F3 /* NSData+ImageContentType.m */,
				18C15B39247AD29400F638F3 /* UIImageView+WebCache.m */,
				18C15B3A247AD29400F638F3 /* SDWebImageDownloaderDecryptor.h */,
				18C15B3B247AD29400F638F3 /* SDWebImageOperation.h */,
				18C15B3C247AD29400F638F3 /* SDImageGraphics.m */,
				18C15B3D247AD29400F638F3 /* SDWebImageIndicator.h */,
				18C15B3E247AD29400F638F3 /* SDWebImageCacheSerializer.h */,
				18C15B3F247AD29400F638F3 /* SDImageLoader.h */,
				18C15B40247AD29400F638F3 /* SDImageCacheDefine.m */,
				18C15B41247AD29400F638F3 /* SDWebImageDownloader.h */,
				18C15B42247AD29400F638F3 /* UIImage+MemoryCacheCost.m */,
				18C15B43247AD29400F638F3 /* UIImage+Transform.h */,
				18C15B44247AD29400F638F3 /* SDAnimatedImagePlayer.h */,
				18C15B45247AD29400F638F3 /* SDImageCacheConfig.m */,
				18C15B46247AD29400F638F3 /* SDWebImageCacheKeyFilter.m */,
				18C15B47247AD29400F638F3 /* UIImage+ForceDecode.h */,
				18C15B48247AD29400F638F3 /* SDWebImageDefine.m */,
				18C15B49247AD29400F638F3 /* SDImageCoderHelper.h */,
				18C15B4A247AD29400F638F3 /* SDWebImageOptionsProcessor.m */,
				18C15B4B247AD29400F638F3 /* UIView+WebCacheOperation.m */,
				18C15B4C247AD29400F638F3 /* UIView+WebCache.m */,
				18C15B4D247AD29400F638F3 /* SDWebImagePrefetcher.h */,
				18C15B4E247AD29400F638F3 /* SDWebImageDownloaderResponseModifier.h */,
				18C15B4F247AD29400F638F3 /* SDImageAPNGCoder.h */,
				18C15B50247AD29400F638F3 /* SDWebImageError.h */,
				18C15B51247AD29400F638F3 /* SDWebImageCompat.h */,
				18C15B52247AD29400F638F3 /* SDMemoryCache.h */,
				18C15B53247AD29400F638F3 /* UIImage+Metadata.m */,
				18C15B54247AD29400F638F3 /* UIImage+MultiFormat.h */,
				18C15B55247AD29400F638F3 /* UIButton+WebCache.m */,
				18C15B56247AD29400F638F3 /* SDWebImageDownloaderRequestModifier.m */,
				18C15B57247AD29400F638F3 /* SDImageCodersManager.h */,
				18C15B58247AD29400F638F3 /* UIImage+GIF.h */,
			);
			path = Core;
			sourceTree = "<group>";
		};
		18C15B59247AD29400F638F3 /* Private */ = {
			isa = PBXGroup;
			children = (
				18C15B5A247AD29400F638F3 /* SDDeviceHelper.h */,
				18C15B5B247AD29400F638F3 /* SDWeakProxy.h */,
				18C15B5C247AD29400F638F3 /* SDImageCachesManagerOperation.m */,
				18C15B5D247AD29400F638F3 /* SDFileAttributeHelper.h */,
				18C15B5E247AD29400F638F3 /* SDInternalMacros.h */,
				18C15B5F247AD29400F638F3 /* NSBezierPath+RoundedCorners.h */,
				18C15B60247AD29400F638F3 /* SDImageAssetManager.m */,
				18C15B61247AD29400F638F3 /* SDAsyncBlockOperation.h */,
				18C15B62247AD29400F638F3 /* SDDisplayLink.h */,
				18C15B63247AD29400F638F3 /* UIColor+HexString.h */,
				18C15B64247AD29400F638F3 /* SDAssociatedObject.h */,
				18C15B65247AD29400F638F3 /* SDmetamacros.h */,
				18C15B66247AD29400F638F3 /* SDImageHEICCoderInternal.h */,
				18C15B67247AD29400F638F3 /* SDImageIOAnimatedCoderInternal.h */,
				18C15B68247AD29400F638F3 /* SDDeviceHelper.m */,
				18C15B69247AD29400F638F3 /* SDWeakProxy.m */,
				18C15B6A247AD29400F638F3 /* SDInternalMacros.m */,
				18C15B6B247AD29400F638F3 /* SDFileAttributeHelper.m */,
				18C15B6C247AD29400F638F3 /* SDImageCachesManagerOperation.h */,
				18C15B6D247AD29400F638F3 /* SDDisplayLink.m */,
				18C15B6E247AD29400F638F3 /* SDImageAssetManager.h */,
				18C15B6F247AD29400F638F3 /* SDAsyncBlockOperation.m */,
				18C15B70247AD29400F638F3 /* NSBezierPath+RoundedCorners.m */,
				18C15B71247AD29400F638F3 /* UIColor+HexString.m */,
				18C15B72247AD29400F638F3 /* SDAssociatedObject.m */,
			);
			path = Private;
			sourceTree = "<group>";
		};
		D4A41D4AB05C668261EAAEA1 /* Frameworks */ = {
			isa = PBXGroup;
			children = (
				A841D4E9D84532C04109CF22 /* libPods-ADMidTest.a */,
			);
			name = Frameworks;
			sourceTree = "<group>";
		};
		F597D0E67CBFE133FE95246D /* Pods */ = {
			isa = PBXGroup;
			children = (
				89E01AB440BD9DE1F010E738 /* Pods-ADMidTest.debug.xcconfig */,
				81C5BAB92A65F6F0254C0C05 /* Pods-ADMidTest.release.xcconfig */,
			);
			path = Pods;
			sourceTree = "<group>";
		};
/* End PBXGroup section */

/* Begin PBXNativeTarget section */
		180E84642478A6BD004F796D /* ADMidTest */ = {
			isa = PBXNativeTarget;
			buildConfigurationList = 180E84942478A6BF004F796D /* Build configuration list for PBXNativeTarget "ADMidTest" */;
			buildPhases = (
				9A85EEA83A02D6931A3DD631 /* [CP] Check Pods Manifest.lock */,
				180E84612478A6BD004F796D /* Sources */,
				180E84622478A6BD004F796D /* Frameworks */,
				180E84632478A6BD004F796D /* Resources */,
			);
			buildRules = (
			);
			dependencies = (
			);
			name = ADMidTest;
			productName = ADMidTest;
			productReference = 180E84652478A6BD004F796D /* ADMidTest.app */;
			productType = "com.apple.product-type.application";
		};
		180E847F2478A6BF004F796D /* ADMidTestTests */ = {
			isa = PBXNativeTarget;
			buildConfigurationList = 180E84972478A6BF004F796D /* Build configuration list for PBXNativeTarget "ADMidTestTests" */;
			buildPhases = (
				180E847C2478A6BF004F796D /* Sources */,
				180E847D2478A6BF004F796D /* Frameworks */,
				180E847E2478A6BF004F796D /* Resources */,
			);
			buildRules = (
			);
			dependencies = (
				180E84822478A6BF004F796D /* PBXTargetDependency */,
			);
			name = ADMidTestTests;
			productName = ADMidTestTests;
			productReference = 180E84802478A6BF004F796D /* ADMidTestTests.xctest */;
			productType = "com.apple.product-type.bundle.unit-test";
		};
		180E848A2478A6BF004F796D /* ADMidTestUITests */ = {
			isa = PBXNativeTarget;
			buildConfigurationList = 180E849A2478A6BF004F796D /* Build configuration list for PBXNativeTarget "ADMidTestUITests" */;
			buildPhases = (
				180E84872478A6BF004F796D /* Sources */,
				180E84882478A6BF004F796D /* Frameworks */,
				180E84892478A6BF004F796D /* Resources */,
			);
			buildRules = (
			);
			dependencies = (
				180E848D2478A6BF004F796D /* PBXTargetDependency */,
			);
			name = ADMidTestUITests;
			productName = ADMidTestUITests;
			productReference = 180E848B2478A6BF004F796D /* ADMidTestUITests.xctest */;
			productType = "com.apple.product-type.bundle.ui-testing";
		};
/* End PBXNativeTarget section */

/* Begin PBXProject section */
		180E845D2478A6BD004F796D /* Project object */ = {
			isa = PBXProject;
			attributes = {
				LastUpgradeCheck = 1130;
				ORGANIZATIONNAME = apple;
				TargetAttributes = {
					180E84642478A6BD004F796D = {
						CreatedOnToolsVersion = 11.3;
					};
					180E847F2478A6BF004F796D = {
						CreatedOnToolsVersion = 11.3;
						TestTargetID = 180E84642478A6BD004F796D;
					};
					180E848A2478A6BF004F796D = {
						CreatedOnToolsVersion = 11.3;
						TestTargetID = 180E84642478A6BD004F796D;
					};
				};
			};
			buildConfigurationList = 180E84602478A6BD004F796D /* Build configuration list for PBXProject "ADMidTest" */;
			compatibilityVersion = "Xcode 9.3";
			developmentRegion = en;
			hasScannedForEncodings = 0;
			knownRegions = (
				en,
				Base,
			);
			mainGroup = 180E845C2478A6BD004F796D;
			productRefGroup = 180E84662478A6BD004F796D /* Products */;
			projectDirPath = "";
			projectRoot = "";
			targets = (
				180E84642478A6BD004F796D /* ADMidTest */,
				180E847F2478A6BF004F796D /* ADMidTestTests */,
				180E848A2478A6BF004F796D /* ADMidTestUITests */,
			);
		};
/* End PBXProject section */

/* Begin PBXResourcesBuildPhase section */
		180E84632478A6BD004F796D /* Resources */ = {
			isa = PBXResourcesBuildPhase;
			buildActionMask = 2147483647;
			files = (
				180E84782478A6BF004F796D /* LaunchScreen.storyboard in Resources */,
				180E84752478A6BF004F796D /* Assets.xcassets in Resources */,
				18C15B74247AD29400F638F3 /* README.md in Resources */,
				18C15B73247AD29400F638F3 /* LICENSE in Resources */,
				180E84732478A6BD004F796D /* Main.storyboard in Resources */,
			);
			runOnlyForDeploymentPostprocessing = 0;
		};
		180E847E2478A6BF004F796D /* Resources */ = {
			isa = PBXResourcesBuildPhase;
			buildActionMask = 2147483647;
			files = (
				18C15ADF247ABB5100F638F3 /* LaunchScreen.storyboard in Resources */,
			);
			runOnlyForDeploymentPostprocessing = 0;
		};
		180E84892478A6BF004F796D /* Resources */ = {
			isa = PBXResourcesBuildPhase;
			buildActionMask = 2147483647;
			files = (
				18C15AE0247ABB5200F638F3 /* LaunchScreen.storyboard in Resources */,
			);
			runOnlyForDeploymentPostprocessing = 0;
		};
/* End PBXResourcesBuildPhase section */

/* Begin PBXShellScriptBuildPhase section */
		9A85EEA83A02D6931A3DD631 /* [CP] Check Pods Manifest.lock */ = {
			isa = PBXShellScriptBuildPhase;
			buildActionMask = 2147483647;
			files = (
			);
			inputFileListPaths = (
			);
			inputPaths = (
				"${PODS_PODFILE_DIR_PATH}/Podfile.lock",
				"${PODS_ROOT}/Manifest.lock",
			);
			name = "[CP] Check Pods Manifest.lock";
			outputFileListPaths = (
			);
			outputPaths = (
				"$(DERIVED_FILE_DIR)/Pods-ADMidTest-checkManifestLockResult.txt",
			);
			runOnlyForDeploymentPostprocessing = 0;
			shellPath = /bin/sh;
			shellScript = "diff \"${PODS_PODFILE_DIR_PATH}/Podfile.lock\" \"${PODS_ROOT}/Manifest.lock\" > /dev/null\nif [ $? != 0 ] ; then\n    # print error to STDERR\n    echo \"error: The sandbox is not in sync with the Podfile.lock. Run 'pod install' or update your CocoaPods installation.\" >&2\n    exit 1\nfi\n# This output is used by Xcode 'outputs' to avoid re-running this script phase.\necho \"SUCCESS\" > \"${SCRIPT_OUTPUT_FILE_0}\"\n";
			showEnvVarsInLog = 0;
		};
/* End PBXShellScriptBuildPhase section */

/* Begin PBXSourcesBuildPhase section */
		180E84612478A6BD004F796D /* Sources */ = {
			isa = PBXSourcesBuildPhase;
			buildActionMask = 2147483647;
			files = (
				18C15BA4247AD29400F638F3 /* SDWebImageCacheKeyFilter.m in Sources */,
				18C15B90247AD29400F638F3 /* NSButton+WebCache.m in Sources */,
				18C15BAF247AD29400F638F3 /* SDWeakProxy.m in Sources */,
				18C15BB1247AD29400F638F3 /* SDFileAttributeHelper.m in Sources */,
				18C15BA8247AD29400F638F3 /* UIView+WebCache.m in Sources */,
				18C15BB6247AD29400F638F3 /* SDAssociatedObject.m in Sources */,
				18C15B78247AD29400F638F3 /* SDImageCoder.m in Sources */,
				18C15B8D247AD29400F638F3 /* SDWebImageError.m in Sources */,
				18C15BB0247AD29400F638F3 /* SDInternalMacros.m in Sources */,
				18C15BA9247AD29400F638F3 /* UIImage+Metadata.m in Sources */,
				180E84702478A6BD004F796D /* ViewController.m in Sources */,
				18C15B9E247AD29400F638F3 /* NSData+ImageContentType.m in Sources */,
				18C15B92247AD29400F638F3 /* SDDiskCache.m in Sources */,
				18C15B94247AD29400F638F3 /* UIImage+ExtendedCacheData.m in Sources */,
				18C15B8E247AD29400F638F3 /* SDWebImagePrefetcher.m in Sources */,
				18C15B7E247AD29400F638F3 /* SDAnimatedImageView.m in Sources */,
				180E84B02478B3AA004F796D /* MusicModel.m in Sources */,
				18C15B7A247AD29400F638F3 /* SDWebImageManager.m in Sources */,
				18C15B79247AD29400F638F3 /* SDWebImageDownloaderDecryptor.m in Sources */,
				18C15BAD247AD29400F638F3 /* SDImageAssetManager.m in Sources */,
				18C15B8C247AD29400F638F3 /* SDWebImageDownloaderResponseModifier.m in Sources */,
				18C15B9C247AD29400F638F3 /* SDWebImageTransition.m in Sources */,
				180E84F3247967E1004F796D /* bannerModel.m in Sources */,
				18C15B9A247AD29400F638F3 /* SDImageLoadersManager.m in Sources */,
				18C15BA2247AD29400F638F3 /* UIImage+MemoryCacheCost.m in Sources */,
				180E84B32478B510004F796D /* MysongTableViewCell.m in Sources */,
				18C15B8F247AD29400F638F3 /* SDImageCoderHelper.m in Sources */,
				180E84A22478A751004F796D /* MusicViewController.m in Sources */,
				180E84F624797554004F796D /* bannerCollectionViewCell.m in Sources */,
				180E84F0247965BC004F796D /* bannerViewController.m in Sources */,
				18C15BAA247AD29400F638F3 /* UIButton+WebCache.m in Sources */,
				18C15B8A247AD29400F638F3 /* SDWebImageCompat.m in Sources */,
				18C15B9F247AD29400F638F3 /* UIImageView+WebCache.m in Sources */,
				180E846A2478A6BD004F796D /* AppDelegate.m in Sources */,
				18C15B9D247AD29400F638F3 /* SDImageTransformer.m in Sources */,
				180E84A52478A760004F796D /* MysongViewController.m in Sources */,
				18C15B7D247AD29400F638F3 /* SDAnimatedImage.m in Sources */,
				18C15B7B247AD29400F638F3 /* SDImageIOAnimatedCoder.m in Sources */,
				18C15BB2247AD29400F638F3 /* SDDisplayLink.m in Sources */,
				18C15B97247AD29400F638F3 /* SDImageGIFCoder.m in Sources */,
				18C15B89247AD29400F638F3 /* SDMemoryCache.m in Sources */,
				18C15BA1247AD29400F638F3 /* SDImageCacheDefine.m in Sources */,
				18C15B76247AD29400F638F3 /* NSImage+Compatibility.m in Sources */,
				18C15B96247AD29400F638F3 /* SDImageCache.m in Sources */,
				18C15B88247AD29400F638F3 /* UIImage+MultiFormat.m in Sources */,
				18C15B77247AD29400F638F3 /* SDAnimatedImageView+WebCache.m in Sources */,
				18C15B81247AD29400F638F3 /* UIImage+Transform.m in Sources */,
				18C15B86247AD29400F638F3 /* UIImage+GIF.m in Sources */,
				18C15B7F247AD29400F638F3 /* UIImage+ForceDecode.m in Sources */,
				18C15BAE247AD29400F638F3 /* SDDeviceHelper.m in Sources */,
				18C15B75247AD29400F638F3 /* SDImageHEICCoder.m in Sources */,
				18C15B9B247AD29400F638F3 /* SDImageCachesManager.m in Sources */,
				18C15B84247AD29400F638F3 /* SDWebImageCacheSerializer.m in Sources */,
				18C15B93247AD29400F638F3 /* SDAnimatedImageRep.m in Sources */,
				18C15B82247AD29400F638F3 /* SDWebImageDownloader.m in Sources */,
				18C15BB3247AD29400F638F3 /* SDAsyncBlockOperation.m in Sources */,
				180E847B2478A6BF004F796D /* main.m in Sources */,
				18C15B80247AD29400F638F3 /* SDAnimatedImagePlayer.m in Sources */,
				180E849F2478A725004F796D /* MainViewController.m in Sources */,
				18C15BA5247AD29400F638F3 /* SDWebImageDefine.m in Sources */,
				18C15B99247AD29400F638F3 /* SDWebImageDownloaderOperation.m in Sources */,
				18C15B85247AD29400F638F3 /* SDWebImageIndicator.m in Sources */,
				18C15B95247AD29400F638F3 /* SDWebImageDownloaderConfig.m in Sources */,
				18C15BA7247AD29400F638F3 /* UIView+WebCacheOperation.m in Sources */,
				18C15BB4247AD29400F638F3 /* NSBezierPath+RoundedCorners.m in Sources */,
				18C15B91247AD29400F638F3 /* SDImageIOCoder.m in Sources */,
				18C15BA6247AD29400F638F3 /* SDWebImageOptionsProcessor.m in Sources */,
				18C15B7C247AD29400F638F3 /* UIImageView+HighlightedWebCache.m in Sources */,
				18C15B83247AD29400F638F3 /* SDImageLoader.m in Sources */,
				180E84B62478CBCB004F796D /* PlayModel.m in Sources */,
				18C15B87247AD29400F638F3 /* SDImageCodersManager.m in Sources */,
				18C15BAB247AD29400F638F3 /* SDWebImageDownloaderRequestModifier.m in Sources */,
				18C15BAC247AD29400F638F3 /* SDImageCachesManagerOperation.m in Sources */,
				18C15B98247AD29400F638F3 /* SDImageFrame.m in Sources */,
				18C15B8B247AD29400F638F3 /* SDImageAPNGCoder.m in Sources */,
				18C15BB5247AD29400F638F3 /* UIColor+HexString.m in Sources */,
				18C15BA3247AD29400F638F3 /* SDImageCacheConfig.m in Sources */,
				18C15BA0247AD29400F638F3 /* SDImageGraphics.m in Sources */,
			);
			runOnlyForDeploymentPostprocessing = 0;
		};
		180E847C2478A6BF004F796D /* Sources */ = {
			isa = PBXSourcesBuildPhase;
			buildActionMask = 2147483647;
			files = (
				180E84852478A6BF004F796D /* ADMidTestTests.m in Sources */,
			);
			runOnlyForDeploymentPostprocessing = 0;
		};
		180E84872478A6BF004F796D /* Sources */ = {
			isa = PBXSourcesBuildPhase;
			buildActionMask = 2147483647;
			files = (
				180E84902478A6BF004F796D /* ADMidTestUITests.m in Sources */,
			);
			runOnlyForDeploymentPostprocessing = 0;
		};
/* End PBXSourcesBuildPhase section */

/* Begin PBXTargetDependency section */
		180E84822478A6BF004F796D /* PBXTargetDependency */ = {
			isa = PBXTargetDependency;
			target = 180E84642478A6BD004F796D /* ADMidTest */;
			targetProxy = 180E84812478A6BF004F796D /* PBXContainerItemProxy */;
		};
		180E848D2478A6BF004F796D /* PBXTargetDependency */ = {
			isa = PBXTargetDependency;
			target = 180E84642478A6BD004F796D /* ADMidTest */;
			targetProxy = 180E848C2478A6BF004F796D /* PBXContainerItemProxy */;
		};
/* End PBXTargetDependency section */

/* Begin PBXVariantGroup section */
		180E84712478A6BD004F796D /* Main.storyboard */ = {
			isa = PBXVariantGroup;
			children = (
				180E84722478A6BD004F796D /* Base */,
			);
			name = Main.storyboard;
			sourceTree = "<group>";
		};
		180E84762478A6BF004F796D /* LaunchScreen.storyboard */ = {
			isa = PBXVariantGroup;
			children = (
				180E84772478A6BF004F796D /* Base */,
			);
			name = LaunchScreen.storyboard;
			sourceTree = "<group>";
		};
/* End PBXVariantGroup section */

/* Begin XCBuildConfiguration section */
		180E84922478A6BF004F796D /* Debug */ = {
			isa = XCBuildConfiguration;
			buildSettings = {
				ALWAYS_SEARCH_USER_PATHS = NO;
				CLANG_ANALYZER_NONNULL = YES;
				CLANG_ANALYZER_NUMBER_OBJECT_CONVERSION = YES_AGGRESSIVE;
				CLANG_CXX_LANGUAGE_STANDARD = "gnu++14";
				CLANG_CXX_LIBRARY = "libc++";
				CLANG_ENABLE_MODULES = YES;
				CLANG_ENABLE_OBJC_ARC = YES;
				CLANG_ENABLE_OBJC_WEAK = YES;
				CLANG_WARN_BLOCK_CAPTURE_AUTORELEASING = YES;
				CLANG_WARN_BOOL_CONVERSION = YES;
				CLANG_WARN_COMMA = YES;
				CLANG_WARN_CONSTANT_CONVERSION = YES;
				CLANG_WARN_DEPRECATED_OBJC_IMPLEMENTATIONS = YES;
				CLANG_WARN_DIRECT_OBJC_ISA_USAGE = YES_ERROR;
				CLANG_WARN_DOCUMENTATION_COMMENTS = YES;
				CLANG_WARN_EMPTY_BODY = YES;
				CLANG_WARN_ENUM_CONVERSION = YES;
				CLANG_WARN_INFINITE_RECURSION = YES;
				CLANG_WARN_INT_CONVERSION = YES;
				CLANG_WARN_NON_LITERAL_NULL_CONVERSION = YES;
				CLANG_WARN_OBJC_IMPLICIT_RETAIN_SELF = YES;
				CLANG_WARN_OBJC_LITERAL_CONVERSION = YES;
				CLANG_WARN_OBJC_ROOT_CLASS = YES_ERROR;
				CLANG_WARN_RANGE_LOOP_ANALYSIS = YES;
				CLANG_WARN_STRICT_PROTOTYPES = YES;
				CLANG_WARN_SUSPICIOUS_MOVE = YES;
				CLANG_WARN_UNGUARDED_AVAILABILITY = YES_AGGRESSIVE;
				CLANG_WARN_UNREACHABLE_CODE = YES;
				CLANG_WARN__DUPLICATE_METHOD_MATCH = YES;
				COPY_PHASE_STRIP = NO;
				DEBUG_INFORMATION_FORMAT = dwarf;
				ENABLE_STRICT_OBJC_MSGSEND = YES;
				ENABLE_TESTABILITY = YES;
				GCC_C_LANGUAGE_STANDARD = gnu11;
				GCC_DYNAMIC_NO_PIC = NO;
				GCC_NO_COMMON_BLOCKS = YES;
				GCC_OPTIMIZATION_LEVEL = 0;
				GCC_PREPROCESSOR_DEFINITIONS = (
					"DEBUG=1",
					"$(inherited)",
				);
				GCC_WARN_64_TO_32_BIT_CONVERSION = YES;
				GCC_WARN_ABOUT_RETURN_TYPE = YES_ERROR;
				GCC_WARN_UNDECLARED_SELECTOR = YES;
				GCC_WARN_UNINITIALIZED_AUTOS = YES_AGGRESSIVE;
				GCC_WARN_UNUSED_FUNCTION = YES;
				GCC_WARN_UNUSED_VARIABLE = YES;
				IPHONEOS_DEPLOYMENT_TARGET = 13.2;
				MTL_ENABLE_DEBUG_INFO = INCLUDE_SOURCE;
				MTL_FAST_MATH = YES;
				ONLY_ACTIVE_ARCH = YES;
				SDKROOT = iphoneos;
			};
			name = Debug;
		};
		180E84932478A6BF004F796D /* Release */ = {
			isa = XCBuildConfiguration;
			buildSettings = {
				ALWAYS_SEARCH_USER_PATHS = NO;
				CLANG_ANALYZER_NONNULL = YES;
				CLANG_ANALYZER_NUMBER_OBJECT_CONVERSION = YES_AGGRESSIVE;
				CLANG_CXX_LANGUAGE_STANDARD = "gnu++14";
				CLANG_CXX_LIBRARY = "libc++";
				CLANG_ENABLE_MODULES = YES;
				CLANG_ENABLE_OBJC_ARC = YES;
				CLANG_ENABLE_OBJC_WEAK = YES;
				CLANG_WARN_BLOCK_CAPTURE_AUTORELEASING = YES;
				CLANG_WARN_BOOL_CONVERSION = YES;
				CLANG_WARN_COMMA = YES;
				CLANG_WARN_CONSTANT_CONVERSION = YES;
				CLANG_WARN_DEPRECATED_OBJC_IMPLEMENTATIONS = YES;
				CLANG_WARN_DIRECT_OBJC_ISA_USAGE = YES_ERROR;
				CLANG_WARN_DOCUMENTATION_COMMENTS = YES;
				CLANG_WARN_EMPTY_BODY = YES;
				CLANG_WARN_ENUM_CONVERSION = YES;
				CLANG_WARN_INFINITE_RECURSION = YES;
				CLANG_WARN_INT_CONVERSION = YES;
				CLANG_WARN_NON_LITERAL_NULL_CONVERSION = YES;
				CLANG_WARN_OBJC_IMPLICIT_RETAIN_SELF = YES;
				CLANG_WARN_OBJC_LITERAL_CONVERSION = YES;
				CLANG_WARN_OBJC_ROOT_CLASS = YES_ERROR;
				CLANG_WARN_RANGE_LOOP_ANALYSIS = YES;
				CLANG_WARN_STRICT_PROTOTYPES = YES;
				CLANG_WARN_SUSPICIOUS_MOVE = YES;
				CLANG_WARN_UNGUARDED_AVAILABILITY = YES_AGGRESSIVE;
				CLANG_WARN_UNREACHABLE_CODE = YES;
				CLANG_WARN__DUPLICATE_METHOD_MATCH = YES;
				COPY_PHASE_STRIP = NO;
				DEBUG_INFORMATION_FORMAT = "dwarf-with-dsym";
				ENABLE_NS_ASSERTIONS = NO;
				ENABLE_STRICT_OBJC_MSGSEND = YES;
				GCC_C_LANGUAGE_STANDARD = gnu11;
				GCC_NO_COMMON_BLOCKS = YES;
				GCC_WARN_64_TO_32_BIT_CONVERSION = YES;
				GCC_WARN_ABOUT_RETURN_TYPE = YES_ERROR;
				GCC_WARN_UNDECLARED_SELECTOR = YES;
				GCC_WARN_UNINITIALIZED_AUTOS = YES_AGGRESSIVE;
				GCC_WARN_UNUSED_FUNCTION = YES;
				GCC_WARN_UNUSED_VARIABLE = YES;
				IPHONEOS_DEPLOYMENT_TARGET = 13.2;
				MTL_ENABLE_DEBUG_INFO = NO;
				MTL_FAST_MATH = YES;
				SDKROOT = iphoneos;
				VALIDATE_PRODUCT = YES;
			};
			name = Release;
		};
		180E84952478A6BF004F796D /* Debug */ = {
			isa = XCBuildConfiguration;
			baseConfigurationReference = 89E01AB440BD9DE1F010E738 /* Pods-ADMidTest.debug.xcconfig */;
			buildSettings = {
				ASSETCATALOG_COMPILER_APPICON_NAME = AppIcon;
				CODE_SIGN_STYLE = Automatic;
				DEVELOPMENT_TEAM = RT6PQ9CYD3;
				INFOPLIST_FILE = ADMidTest/Info.plist;
				LD_RUNPATH_SEARCH_PATHS = (
					"$(inherited)",
					"@executable_path/Frameworks",
				);
				PRODUCT_BUNDLE_IDENTIFIER = maoguodong.ADMidTest;
				PRODUCT_NAME = "$(TARGET_NAME)";
				TARGETED_DEVICE_FAMILY = "1,2";
			};
			name = Debug;
		};
		180E84962478A6BF004F796D /* Release */ = {
			isa = XCBuildConfiguration;
			baseConfigurationReference = 81C5BAB92A65F6F0254C0C05 /* Pods-ADMidTest.release.xcconfig */;
			buildSettings = {
				ASSETCATALOG_COMPILER_APPICON_NAME = AppIcon;
				CODE_SIGN_STYLE = Automatic;
				DEVELOPMENT_TEAM = RT6PQ9CYD3;
				INFOPLIST_FILE = ADMidTest/Info.plist;
				LD_RUNPATH_SEARCH_PATHS = (
					"$(inherited)",
					"@executable_path/Frameworks",
				);
				PRODUCT_BUNDLE_IDENTIFIER = maoguodong.ADMidTest;
				PRODUCT_NAME = "$(TARGET_NAME)";
				TARGETED_DEVICE_FAMILY = "1,2";
			};
			name = Release;
		};
		180E84982478A6BF004F796D /* Debug */ = {
			isa = XCBuildConfiguration;
			buildSettings = {
				BUNDLE_LOADER = "$(TEST_HOST)";
				CODE_SIGN_STYLE = Automatic;
				DEVELOPMENT_TEAM = RT6PQ9CYD3;
				INFOPLIST_FILE = ADMidTestTests/Info.plist;
				IPHONEOS_DEPLOYMENT_TARGET = 13.2;
				LD_RUNPATH_SEARCH_PATHS = (
					"$(inherited)",
					"@executable_path/Frameworks",
					"@loader_path/Frameworks",
				);
				PRODUCT_BUNDLE_IDENTIFIER = maoguodong.ADMidTestTests;
				PRODUCT_NAME = "$(TARGET_NAME)";
				TARGETED_DEVICE_FAMILY = "1,2";
				TEST_HOST = "$(BUILT_PRODUCTS_DIR)/ADMidTest.app/ADMidTest";
			};
			name = Debug;
		};
		180E84992478A6BF004F796D /* Release */ = {
			isa = XCBuildConfiguration;
			buildSettings = {
				BUNDLE_LOADER = "$(TEST_HOST)";
				CODE_SIGN_STYLE = Automatic;
				DEVELOPMENT_TEAM = RT6PQ9CYD3;
				INFOPLIST_FILE = ADMidTestTests/Info.plist;
				IPHONEOS_DEPLOYMENT_TARGET = 13.2;
				LD_RUNPATH_SEARCH_PATHS = (
					"$(inherited)",
					"@executable_path/Frameworks",
					"@loader_path/Frameworks",
				);
				PRODUCT_BUNDLE_IDENTIFIER = maoguodong.ADMidTestTests;
				PRODUCT_NAME = "$(TARGET_NAME)";
				TARGETED_DEVICE_FAMILY = "1,2";
				TEST_HOST = "$(BUILT_PRODUCTS_DIR)/ADMidTest.app/ADMidTest";
			};
			name = Release;
		};
		180E849B2478A6BF004F796D /* Debug */ = {
			isa = XCBuildConfiguration;
			buildSettings = {
				CODE_SIGN_STYLE = Automatic;
				DEVELOPMENT_TEAM = RT6PQ9CYD3;
				INFOPLIST_FILE = ADMidTestUITests/Info.plist;
				LD_RUNPATH_SEARCH_PATHS = (
					"$(inherited)",
					"@executable_path/Frameworks",
					"@loader_path/Frameworks",
				);
				PRODUCT_BUNDLE_IDENTIFIER = maoguodong.ADMidTestUITests;
				PRODUCT_NAME = "$(TARGET_NAME)";
				TARGETED_DEVICE_FAMILY = "1,2";
				TEST_TARGET_NAME = ADMidTest;
			};
			name = Debug;
		};
		180E849C2478A6BF004F796D /* Release */ = {
			isa = XCBuildConfiguration;
			buildSettings = {
				CODE_SIGN_STYLE = Automatic;
				DEVELOPMENT_TEAM = RT6PQ9CYD3;
				INFOPLIST_FILE = ADMidTestUITests/Info.plist;
				LD_RUNPATH_SEARCH_PATHS = (
					"$(inherited)",
					"@executable_path/Frameworks",
					"@loader_path/Frameworks",
				);
				PRODUCT_BUNDLE_IDENTIFIER = maoguodong.ADMidTestUITests;
				PRODUCT_NAME = "$(TARGET_NAME)";
				TARGETED_DEVICE_FAMILY = "1,2";
				TEST_TARGET_NAME = ADMidTest;
			};
			name = Release;
		};
/* End XCBuildConfiguration section */

/* Begin XCConfigurationList section */
		180E84602478A6BD004F796D /* Build configuration list for PBXProject "ADMidTest" */ = {
			isa = XCConfigurationList;
			buildConfigurations = (
				180E84922478A6BF004F796D /* Debug */,
				180E84932478A6BF004F796D /* Release */,
			);
			defaultConfigurationIsVisible = 0;
			defaultConfigurationName = Release;
		};
		180E84942478A6BF004F796D /* Build configuration list for PBXNativeTarget "ADMidTest" */ = {
			isa = XCConfigurationList;
			buildConfigurations = (
				180E84952478A6BF004F796D /* Debug */,
				180E84962478A6BF004F796D /* Release */,
			);
			defaultConfigurationIsVisible = 0;
			defaultConfigurationName = Release;
		};
		180E84972478A6BF004F796D /* Build configuration list for PBXNativeTarget "ADMidTestTests" */ = {
			isa = XCConfigurationList;
			buildConfigurations = (
				180E84982478A6BF004F796D /* Debug */,
				180E84992478A6BF004F796D /* Release */,
			);
			defaultConfigurationIsVisible = 0;
			defaultConfigurationName = Release;
		};
		180E849A2478A6BF004F796D /* Build configuration list for PBXNativeTarget "ADMidTestUITests" */ = {
			isa = XCConfigurationList;
			buildConfigurations = (
				180E849B2478A6BF004F796D /* Debug */,
				180E849C2478A6BF004F796D /* Release */,
			);
			defaultConfigurationIsVisible = 0;
			defaultConfigurationName = Release;
		};
/* End XCConfigurationList section */
	};
	rootObject = 180E845D2478A6BD004F796D /* Project object */;
}
